// !$*UTF8*$!
{
	archiveVersion = 1;
	classes = {
	};
	objectVersion = 46;
	objects = {

/* Begin PBXBuildFile section */
		426EC50517BCA91A009A27D4 /* UIKit.framework in Frameworks */ = {isa = PBXBuildFile; fileRef = 426EC50417BCA91A009A27D4 /* UIKit.framework */; };
		426EC50717BCA91A009A27D4 /* Foundation.framework in Frameworks */ = {isa = PBXBuildFile; fileRef = 426EC50617BCA91A009A27D4 /* Foundation.framework */; };
		426EC50917BCA91A009A27D4 /* CoreGraphics.framework in Frameworks */ = {isa = PBXBuildFile; fileRef = 426EC50817BCA91A009A27D4 /* CoreGraphics.framework */; };
		426EC50F17BCA91A009A27D4 /* InfoPlist.strings in Resources */ = {isa = PBXBuildFile; fileRef = 426EC50D17BCA91A009A27D4 /* InfoPlist.strings */; };
		426EC51117BCA91A009A27D4 /* main.m in Sources */ = {isa = PBXBuildFile; fileRef = 426EC51017BCA91A009A27D4 /* main.m */; };
		426EC51517BCA91A009A27D4 /* AppDelegate.m in Sources */ = {isa = PBXBuildFile; fileRef = 426EC51417BCA91A009A27D4 /* AppDelegate.m */; };
		426EC51717BCA91A009A27D4 /* Default.png in Resources */ = {isa = PBXBuildFile; fileRef = 426EC51617BCA91A009A27D4 /* Default.png */; };
		426EC51917BCA91A009A27D4 /* Default@2x.png in Resources */ = {isa = PBXBuildFile; fileRef = 426EC51817BCA91A009A27D4 /* Default@2x.png */; };
		426EC51B17BCA91A009A27D4 /* Default-568h@2x.png in Resources */ = {isa = PBXBuildFile; fileRef = 426EC51A17BCA91A009A27D4 /* Default-568h@2x.png */; };
		426EC53817BCAA85009A27D4 /* UIScrollView+PullLoad.m in Sources */ = {isa = PBXBuildFile; fileRef = 426EC53217BCAA85009A27D4 /* UIScrollView+PullLoad.m */; };
		426EC53917BCAA85009A27D4 /* Utils.m in Sources */ = {isa = PBXBuildFile; fileRef = 426EC53417BCAA85009A27D4 /* Utils.m */; };
		426EC53A17BCAA85009A27D4 /* GetLocationInfo.m in Sources */ = {isa = PBXBuildFile; fileRef = 426EC53617BCAA85009A27D4 /* GetLocationInfo.m */; };
		426EC54617BCAAF8009A27D4 /* FMDatabase.m in Sources */ = {isa = PBXBuildFile; fileRef = 426EC53D17BCAAF8009A27D4 /* FMDatabase.m */; };
		426EC54717BCAAF8009A27D4 /* FMDatabaseAdditions.m in Sources */ = {isa = PBXBuildFile; fileRef = 426EC53F17BCAAF8009A27D4 /* FMDatabaseAdditions.m */; };
		426EC54817BCAAF8009A27D4 /* FMDatabasePool.m in Sources */ = {isa = PBXBuildFile; fileRef = 426EC54117BCAAF8009A27D4 /* FMDatabasePool.m */; };
		426EC54917BCAAF8009A27D4 /* FMDatabaseQueue.m in Sources */ = {isa = PBXBuildFile; fileRef = 426EC54317BCAAF8009A27D4 /* FMDatabaseQueue.m */; };
		426EC54A17BCAAF8009A27D4 /* FMResultSet.m in Sources */ = {isa = PBXBuildFile; fileRef = 426EC54517BCAAF8009A27D4 /* FMResultSet.m */; };
		426EC54D17BCAB02009A27D4 /* DBManager.m in Sources */ = {isa = PBXBuildFile; fileRef = 426EC54C17BCAB02009A27D4 /* DBManager.m */; };
		426EC55017BCAB48009A27D4 /* CheckVesion.m in Sources */ = {isa = PBXBuildFile; fileRef = 426EC54F17BCAB48009A27D4 /* CheckVesion.m */; };
		426EC55417BCAB87009A27D4 /* ASIImageView.m in Sources */ = {isa = PBXBuildFile; fileRef = 426EC55317BCAB87009A27D4 /* ASIImageView.m */; };
		426EC56B17BCABA2009A27D4 /* ASIAuthenticationDialog.m in Sources */ = {isa = PBXBuildFile; fileRef = 426EC55617BCABA2009A27D4 /* ASIAuthenticationDialog.m */; };
		426EC56C17BCABA2009A27D4 /* ASIDataCompressor.m in Sources */ = {isa = PBXBuildFile; fileRef = 426EC55917BCABA2009A27D4 /* ASIDataCompressor.m */; };
		426EC56D17BCABA2009A27D4 /* ASIDataDecompressor.m in Sources */ = {isa = PBXBuildFile; fileRef = 426EC55B17BCABA2009A27D4 /* ASIDataDecompressor.m */; };
		426EC56E17BCABA2009A27D4 /* ASIDownloadCache.m in Sources */ = {isa = PBXBuildFile; fileRef = 426EC55D17BCABA2009A27D4 /* ASIDownloadCache.m */; };
		426EC56F17BCABA2009A27D4 /* ASIFormDataRequest.m in Sources */ = {isa = PBXBuildFile; fileRef = 426EC55F17BCABA2009A27D4 /* ASIFormDataRequest.m */; };
		426EC57017BCABA2009A27D4 /* ASIHTTPRequest.m in Sources */ = {isa = PBXBuildFile; fileRef = 426EC56117BCABA2009A27D4 /* ASIHTTPRequest.m */; };
		426EC57117BCABA2009A27D4 /* ASIInputStream.m in Sources */ = {isa = PBXBuildFile; fileRef = 426EC56517BCABA2009A27D4 /* ASIInputStream.m */; };
		426EC57217BCABA2009A27D4 /* ASINetworkQueue.m in Sources */ = {isa = PBXBuildFile; fileRef = 426EC56717BCABA2009A27D4 /* ASINetworkQueue.m */; };
		426EC57317BCABA2009A27D4 /* Reachability.m in Sources */ = {isa = PBXBuildFile; fileRef = 426EC56A17BCABA2009A27D4 /* Reachability.m */; };
		426EC57A17BCABB6009A27D4 /* HttpRequestCenter.m in Sources */ = {isa = PBXBuildFile; fileRef = 426EC57517BCABB6009A27D4 /* HttpRequestCenter.m */; };
		426EC57B17BCABB6009A27D4 /* ReqBody.m in Sources */ = {isa = PBXBuildFile; fileRef = 426EC57717BCABB6009A27D4 /* ReqBody.m */; };
		426EC57C17BCABB6009A27D4 /* RespBody.m in Sources */ = {isa = PBXBuildFile; fileRef = 426EC57917BCABB6009A27D4 /* RespBody.m */; };
		4277327917BCAC3700C16A07 /* area.plist in Resources */ = {isa = PBXBuildFile; fileRef = 4277327317BCAC3700C16A07 /* area.plist */; };
		4277327A17BCAC3700C16A07 /* UserInfo.plist in Resources */ = {isa = PBXBuildFile; fileRef = 4277327417BCAC3700C16A07 /* UserInfo.plist */; };
		4277327B17BCAC3700C16A07 /* Config.plist in Resources */ = {isa = PBXBuildFile; fileRef = 4277327517BCAC3700C16A07 /* Config.plist */; };
		4277327C17BCAC3700C16A07 /* RespNameDefine.plist in Resources */ = {isa = PBXBuildFile; fileRef = 4277327617BCAC3700C16A07 /* RespNameDefine.plist */; };
		4277327D17BCAC3700C16A07 /* ReqUrlDefine.plist in Resources */ = {isa = PBXBuildFile; fileRef = 4277327717BCAC3700C16A07 /* ReqUrlDefine.plist */; };
		4277327E17BCAC3700C16A07 /* errorCode.plist in Resources */ = {isa = PBXBuildFile; fileRef = 4277327817BCAC3700C16A07 /* errorCode.plist */; };
		4277328717BCACF400C16A07 /* UIView+WhenTappedBlocks.m in Sources */ = {isa = PBXBuildFile; fileRef = 4277328217BCACF400C16A07 /* UIView+WhenTappedBlocks.m */; };
		4277328817BCACF400C16A07 /* ImageControl.m in Sources */ = {isa = PBXBuildFile; fileRef = 4277328417BCACF400C16A07 /* ImageControl.m */; };
		4277328917BCACF400C16A07 /* StarControl.m in Sources */ = {isa = PBXBuildFile; fileRef = 4277328617BCACF400C16A07 /* StarControl.m */; };
		4277329017BCAD2200C16A07 /* CAlertView.m in Sources */ = {isa = PBXBuildFile; fileRef = 4277328B17BCAD2200C16A07 /* CAlertView.m */; };
		4277329117BCAD2200C16A07 /* CActivityIndicatorView.m in Sources */ = {isa = PBXBuildFile; fileRef = 4277328D17BCAD2200C16A07 /* CActivityIndicatorView.m */; };
		4277329217BCAD2200C16A07 /* UINavigationBar+CustomImage.m in Sources */ = {isa = PBXBuildFile; fileRef = 4277328F17BCAD2200C16A07 /* UINavigationBar+CustomImage.m */; };
		427732EC17BCAF0500C16A07 /* UncaughtExceptionHandler.mm in Sources */ = {isa = PBXBuildFile; fileRef = 427732EB17BCAF0500C16A07 /* UncaughtExceptionHandler.mm */; };
		427732EF17BCAFB700C16A07 /* DataCenter.m in Sources */ = {isa = PBXBuildFile; fileRef = 427732EE17BCAFB700C16A07 /* DataCenter.m */; };
		427732F217BCB0E500C16A07 /* UserInfo.m in Sources */ = {isa = PBXBuildFile; fileRef = 427732F117BCB0E500C16A07 /* UserInfo.m */; };
		4277331017BCB20800C16A07 /* QQConnection.framework in Frameworks */ = {isa = PBXBuildFile; fileRef = 427732F417BCB20800C16A07 /* QQConnection.framework */; };
		4277331117BCB20800C16A07 /* SinaWeiboConnection.framework in Frameworks */ = {isa = PBXBuildFile; fileRef = 427732F517BCB20800C16A07 /* SinaWeiboConnection.framework */; };
		4277331217BCB20800C16A07 /* SMSConnection.framework in Frameworks */ = {isa = PBXBuildFile; fileRef = 427732F617BCB20800C16A07 /* SMSConnection.framework */; };
		4277331317BCB20800C16A07 /* TencentWeiboConnection.framework in Frameworks */ = {isa = PBXBuildFile; fileRef = 427732F717BCB20800C16A07 /* TencentWeiboConnection.framework */; };
		4277331417BCB20800C16A07 /* WeChatConnection.framework in Frameworks */ = {isa = PBXBuildFile; fileRef = 427732F817BCB20800C16A07 /* WeChatConnection.framework */; };
		4277331517BCB20800C16A07 /* AGCommon.framework in Frameworks */ = {isa = PBXBuildFile; fileRef = 427732FA17BCB20800C16A07 /* AGCommon.framework */; };
		4277331617BCB20800C16A07 /* ShareSDKLocalizable.strings in Resources */ = {isa = PBXBuildFile; fileRef = 427732FB17BCB20800C16A07 /* ShareSDKLocalizable.strings */; };
		4277331717BCB20800C16A07 /* Resource.bundle in Resources */ = {isa = PBXBuildFile; fileRef = 427732FD17BCB20800C16A07 /* Resource.bundle */; };
		4277331817BCB20800C16A07 /* ShareSDKCoreService.framework in Frameworks */ = {isa = PBXBuildFile; fileRef = 427732FE17BCB20800C16A07 /* ShareSDKCoreService.framework */; };
		4277331917BCB20800C16A07 /* QQApi.framework in Frameworks */ = {isa = PBXBuildFile; fileRef = 4277330017BCB20800C16A07 /* QQApi.framework */; };
		4277331A17BCB20800C16A07 /* libWeChatSDK_armv7_armv7s.a in Frameworks */ = {isa = PBXBuildFile; fileRef = 4277330217BCB20800C16A07 /* libWeChatSDK_armv7_armv7s.a */; };
		4277331B17BCB20900C16A07 /* ShareSDK.framework in Frameworks */ = {isa = PBXBuildFile; fileRef = 4277330517BCB20800C16A07 /* ShareSDK.framework */; };
		4277331C17BCB20900C16A07 /* ShareSDKiPadDefaultShareViewUI.bundle in Resources */ = {isa = PBXBuildFile; fileRef = 4277330717BCB20800C16A07 /* ShareSDKiPadDefaultShareViewUI.bundle */; };
		4277331D17BCB20900C16A07 /* ShareSDKiPadDefaultShareViewUI.framework in Frameworks */ = {isa = PBXBuildFile; fileRef = 4277330817BCB20800C16A07 /* ShareSDKiPadDefaultShareViewUI.framework */; };
		4277331E17BCB20900C16A07 /* ShareSDKiPadSimpleShareViewUI.bundle in Resources */ = {isa = PBXBuildFile; fileRef = 4277330917BCB20800C16A07 /* ShareSDKiPadSimpleShareViewUI.bundle */; };
		4277331F17BCB20900C16A07 /* ShareSDKiPadSimpleShareViewUI.framework in Frameworks */ = {isa = PBXBuildFile; fileRef = 4277330A17BCB20800C16A07 /* ShareSDKiPadSimpleShareViewUI.framework */; };
		4277332017BCB20900C16A07 /* ShareSDKiPhoneAppRecommendShareViewUI.framework in Frameworks */ = {isa = PBXBuildFile; fileRef = 4277330B17BCB20800C16A07 /* ShareSDKiPhoneAppRecommendShareViewUI.framework */; };
		4277332117BCB20900C16A07 /* ShareSDKiPhoneDefaultShareViewUI.bundle in Resources */ = {isa = PBXBuildFile; fileRef = 4277330C17BCB20800C16A07 /* ShareSDKiPhoneDefaultShareViewUI.bundle */; };
		4277332217BCB20900C16A07 /* ShareSDKiPhoneDefaultShareViewUI.framework in Frameworks */ = {isa = PBXBuildFile; fileRef = 4277330D17BCB20800C16A07 /* ShareSDKiPhoneDefaultShareViewUI.framework */; };
		4277332317BCB20900C16A07 /* ShareSDKiPhoneSimpleShareViewUI.bundle in Resources */ = {isa = PBXBuildFile; fileRef = 4277330E17BCB20800C16A07 /* ShareSDKiPhoneSimpleShareViewUI.bundle */; };
		4277332417BCB20900C16A07 /* ShareSDKiPhoneSimpleShareViewUI.framework in Frameworks */ = {isa = PBXBuildFile; fileRef = 4277330F17BCB20800C16A07 /* ShareSDKiPhoneSimpleShareViewUI.framework */; };
		4277333317BCB46600C16A07 /* NSObject+SBJSON.m in Sources */ = {isa = PBXBuildFile; fileRef = 4277332817BCB46600C16A07 /* NSObject+SBJSON.m */; };
		4277333417BCB46600C16A07 /* NSString+SBJSON.m in Sources */ = {isa = PBXBuildFile; fileRef = 4277332A17BCB46600C16A07 /* NSString+SBJSON.m */; };
		4277333517BCB46600C16A07 /* SBJSON.m in Sources */ = {isa = PBXBuildFile; fileRef = 4277332C17BCB46600C16A07 /* SBJSON.m */; };
		4277333617BCB46600C16A07 /* SBJsonBase.m in Sources */ = {isa = PBXBuildFile; fileRef = 4277332E17BCB46600C16A07 /* SBJsonBase.m */; };
		4277333717BCB46600C16A07 /* SBJsonParser.m in Sources */ = {isa = PBXBuildFile; fileRef = 4277333017BCB46600C16A07 /* SBJsonParser.m */; };
		4277333817BCB46600C16A07 /* SBJsonWriter.m in Sources */ = {isa = PBXBuildFile; fileRef = 4277333217BCB46600C16A07 /* SBJsonWriter.m */; };
		4277333B17BCB4E900C16A07 /* WaterFlowView.m in Sources */ = {isa = PBXBuildFile; fileRef = 4277333A17BCB4E900C16A07 /* WaterFlowView.m */; };
		4277333D17BCB67D00C16A07 /* QuartzCore.framework in Frameworks */ = {isa = PBXBuildFile; fileRef = 4277333C17BCB67D00C16A07 /* QuartzCore.framework */; };
		4277333F17BCB68700C16A07 /* SystemConfiguration.framework in Frameworks */ = {isa = PBXBuildFile; fileRef = 4277333E17BCB68700C16A07 /* SystemConfiguration.framework */; };
		4277334117BCB68F00C16A07 /* MobileCoreServices.framework in Frameworks */ = {isa = PBXBuildFile; fileRef = 4277334017BCB68E00C16A07 /* MobileCoreServices.framework */; };
		4277334317BCB69500C16A07 /* CFNetwork.framework in Frameworks */ = {isa = PBXBuildFile; fileRef = 4277334217BCB69500C16A07 /* CFNetwork.framework */; };
		4277334517BCB69B00C16A07 /* Security.framework in Frameworks */ = {isa = PBXBuildFile; fileRef = 4277334417BCB69A00C16A07 /* Security.framework */; };
		4277334717BCB6A000C16A07 /* MessageUI.framework in Frameworks */ = {isa = PBXBuildFile; fileRef = 4277334617BCB6A000C16A07 /* MessageUI.framework */; };
		4277334917BCB6AC00C16A07 /* libicucore.dylib in Frameworks */ = {isa = PBXBuildFile; fileRef = 4277334817BCB6AC00C16A07 /* libicucore.dylib */; };
		4277334B17BCB6B600C16A07 /* libsqlite3.0.dylib in Frameworks */ = {isa = PBXBuildFile; fileRef = 4277334A17BCB6B600C16A07 /* libsqlite3.0.dylib */; };
		4277334D17BCB6BF00C16A07 /* libz.1.2.5.dylib in Frameworks */ = {isa = PBXBuildFile; fileRef = 4277334C17BCB6BF00C16A07 /* libz.1.2.5.dylib */; };
		4277334F17BCB6E500C16A07 /* CoreLocation.framework in Frameworks */ = {isa = PBXBuildFile; fileRef = 4277334E17BCB6E500C16A07 /* CoreLocation.framework */; };
		4277335117BCB71200C16A07 /* MapKit.framework in Frameworks */ = {isa = PBXBuildFile; fileRef = 4277335017BCB71200C16A07 /* MapKit.framework */; };
		4277335317BCBD7400C16A07 /* bg_index.png in Resources */ = {isa = PBXBuildFile; fileRef = 4277335217BCBD7400C16A07 /* bg_index.png */; };
		4277335617BCBDA500C16A07 /* RootNavViewController.m in Sources */ = {isa = PBXBuildFile; fileRef = 4277335517BCBDA500C16A07 /* RootNavViewController.m */; };
		4277335817BCBE4800C16A07 /* bac-1.png in Resources */ = {isa = PBXBuildFile; fileRef = 4277335717BCBE4800C16A07 /* bac-1.png */; };
		4277335B17BCBFC600C16A07 /* CommonViewController.m in Sources */ = {isa = PBXBuildFile; fileRef = 4277335A17BCBFC600C16A07 /* CommonViewController.m */; };
		4277335D17BCBFFA00C16A07 /* button-back.png in Resources */ = {isa = PBXBuildFile; fileRef = 4277335C17BCBFFA00C16A07 /* button-back.png */; };
		4277336117BCC0C900C16A07 /* gold_star_gray.png in Resources */ = {isa = PBXBuildFile; fileRef = 4277335E17BCC0C800C16A07 /* gold_star_gray.png */; };
		4277336217BCC0C900C16A07 /* gold_star_half.png in Resources */ = {isa = PBXBuildFile; fileRef = 4277335F17BCC0C800C16A07 /* gold_star_half.png */; };
		4277336317BCC0C900C16A07 /* gold_star_yellow.png in Resources */ = {isa = PBXBuildFile; fileRef = 4277336017BCC0C900C16A07 /* gold_star_yellow.png */; };
		4277336517BCC14B00C16A07 /* top_right.png in Resources */ = {isa = PBXBuildFile; fileRef = 4277336417BCC14B00C16A07 /* top_right.png */; };
		4277336A17BCC1D300C16A07 /* gold_login_btn.png in Resources */ = {isa = PBXBuildFile; fileRef = 4277336617BCC1D100C16A07 /* gold_login_btn.png */; };
		4277336B17BCC1D300C16A07 /* gold_confirm_btn.png in Resources */ = {isa = PBXBuildFile; fileRef = 4277336717BCC1D100C16A07 /* gold_confirm_btn.png */; };
		4277336C17BCC1D300C16A07 /* gold_more_btn.png in Resources */ = {isa = PBXBuildFile; fileRef = 4277336817BCC1D200C16A07 /* gold_more_btn.png */; };
		4277336D17BCC1D300C16A07 /* gold_downbtn.png in Resources */ = {isa = PBXBuildFile; fileRef = 4277336917BCC1D300C16A07 /* gold_downbtn.png */; };
		4277337017BCC21700C16A07 /* gold_load_progress.png in Resources */ = {isa = PBXBuildFile; fileRef = 4277336E17BCC21600C16A07 /* gold_load_progress.png */; };
		4277337117BCC21700C16A07 /* gold_load_back.png in Resources */ = {isa = PBXBuildFile; fileRef = 4277336F17BCC21700C16A07 /* gold_load_back.png */; };
		4277337417BCC49800C16A07 /* HomeViewController.m in Sources */ = {isa = PBXBuildFile; fileRef = 4277337317BCC49800C16A07 /* HomeViewController.m */; };
		4277338017BCC5E200C16A07 /* MoreViewController.m in Sources */ = {isa = PBXBuildFile; fileRef = 4277337F17BCC5E200C16A07 /* MoreViewController.m */; };
		4277338317BCC5EF00C16A07 /* FouthViewController.m in Sources */ = {isa = PBXBuildFile; fileRef = 4277338217BCC5EF00C16A07 /* FouthViewController.m */; };
		4277338617BCC5FA00C16A07 /* ThirdViewController.m in Sources */ = {isa = PBXBuildFile; fileRef = 4277338517BCC5FA00C16A07 /* ThirdViewController.m */; };
		4277338917BCC60400C16A07 /* SecondViewController.m in Sources */ = {isa = PBXBuildFile; fileRef = 4277338817BCC60400C16A07 /* SecondViewController.m */; };
		4277338C17BCC8BE00C16A07 /* DevTabBarViewController.m in Sources */ = {isa = PBXBuildFile; fileRef = 4277338B17BCC8BE00C16A07 /* DevTabBarViewController.m */; };
		4277339717BCC9A600C16A07 /* gold_menu_2_v.png in Resources */ = {isa = PBXBuildFile; fileRef = 4277338D17BCC9A000C16A07 /* gold_menu_2_v.png */; };
		4277339817BCC9A600C16A07 /* gold_menu_2.png in Resources */ = {isa = PBXBuildFile; fileRef = 4277338E17BCC9A000C16A07 /* gold_menu_2.png */; };
		4277339917BCC9A600C16A07 /* gold_menu_3_v.png in Resources */ = {isa = PBXBuildFile; fileRef = 4277338F17BCC9A100C16A07 /* gold_menu_3_v.png */; };
		4277339A17BCC9A600C16A07 /* gold_menu_3.png in Resources */ = {isa = PBXBuildFile; fileRef = 4277339017BCC9A200C16A07 /* gold_menu_3.png */; };
		4277339B17BCC9A600C16A07 /* gold_menu_4_v.png in Resources */ = {isa = PBXBuildFile; fileRef = 4277339117BCC9A200C16A07 /* gold_menu_4_v.png */; };
		4277339C17BCC9A600C16A07 /* gold_menu_4.png in Resources */ = {isa = PBXBuildFile; fileRef = 4277339217BCC9A400C16A07 /* gold_menu_4.png */; };
		4277339D17BCC9A600C16A07 /* gold_menu_5_v.png in Resources */ = {isa = PBXBuildFile; fileRef = 4277339317BCC9A400C16A07 /* gold_menu_5_v.png */; };
		4277339E17BCC9A600C16A07 /* gold_menu_5.png in Resources */ = {isa = PBXBuildFile; fileRef = 4277339417BCC9A500C16A07 /* gold_menu_5.png */; };
		4277339F17BCC9A600C16A07 /* gold_menu_1_v.png in Resources */ = {isa = PBXBuildFile; fileRef = 4277339517BCC9A500C16A07 /* gold_menu_1_v.png */; };
		427733A017BCC9A600C16A07 /* gold_menu_1.png in Resources */ = {isa = PBXBuildFile; fileRef = 4277339617BCC9A500C16A07 /* gold_menu_1.png */; };
		427733A217BCD13000C16A07 /* gold_alertBack.png in Resources */ = {isa = PBXBuildFile; fileRef = 427733A117BCD13000C16A07 /* gold_alertBack.png */; };
		427733A417BCD14600C16A07 /* gold_alert_button_left.png in Resources */ = {isa = PBXBuildFile; fileRef = 427733A317BCD14500C16A07 /* gold_alert_button_left.png */; };
/* End PBXBuildFile section */

/* Begin PBXFileReference section */
		426EC50117BCA91A009A27D4 /* DeveloperModule.app */ = {isa = PBXFileReference; explicitFileType = wrapper.application; includeInIndex = 0; path = DeveloperModule.app; sourceTree = BUILT_PRODUCTS_DIR; };
		426EC50417BCA91A009A27D4 /* UIKit.framework */ = {isa = PBXFileReference; lastKnownFileType = wrapper.framework; name = UIKit.framework; path = System/Library/Frameworks/UIKit.framework; sourceTree = SDKROOT; };
		426EC50617BCA91A009A27D4 /* Foundation.framework */ = {isa = PBXFileReference; lastKnownFileType = wrapper.framework; name = Foundation.framework; path = System/Library/Frameworks/Foundation.framework; sourceTree = SDKROOT; };
		426EC50817BCA91A009A27D4 /* CoreGraphics.framework */ = {isa = PBXFileReference; lastKnownFileType = wrapper.framework; name = CoreGraphics.framework; path = System/Library/Frameworks/CoreGraphics.framework; sourceTree = SDKROOT; };
		426EC50C17BCA91A009A27D4 /* DeveloperModule-Info.plist */ = {isa = PBXFileReference; lastKnownFileType = text.plist.xml; path = "DeveloperModule-Info.plist"; sourceTree = "<group>"; };
		426EC50E17BCA91A009A27D4 /* en */ = {isa = PBXFileReference; lastKnownFileType = text.plist.strings; name = en; path = en.lproj/InfoPlist.strings; sourceTree = "<group>"; };
		426EC51017BCA91A009A27D4 /* main.m */ = {isa = PBXFileReference; lastKnownFileType = sourcecode.c.objc; path = main.m; sourceTree = "<group>"; };
		426EC51217BCA91A009A27D4 /* DeveloperModule-Prefix.pch */ = {isa = PBXFileReference; lastKnownFileType = sourcecode.c.h; path = "DeveloperModule-Prefix.pch"; sourceTree = "<group>"; };
		426EC51317BCA91A009A27D4 /* AppDelegate.h */ = {isa = PBXFileReference; lastKnownFileType = sourcecode.c.h; path = AppDelegate.h; sourceTree = "<group>"; };
		426EC51417BCA91A009A27D4 /* AppDelegate.m */ = {isa = PBXFileReference; lastKnownFileType = sourcecode.c.objc; path = AppDelegate.m; sourceTree = "<group>"; };
		426EC51617BCA91A009A27D4 /* Default.png */ = {isa = PBXFileReference; lastKnownFileType = image.png; path = Default.png; sourceTree = "<group>"; };
		426EC51817BCA91A009A27D4 /* Default@2x.png */ = {isa = PBXFileReference; lastKnownFileType = image.png; path = "Default@2x.png"; sourceTree = "<group>"; };
		426EC51A17BCA91A009A27D4 /* Default-568h@2x.png */ = {isa = PBXFileReference; lastKnownFileType = image.png; path = "Default-568h@2x.png"; sourceTree = "<group>"; };
		426EC53117BCAA85009A27D4 /* UIScrollView+PullLoad.h */ = {isa = PBXFileReference; fileEncoding = 4; lastKnownFileType = sourcecode.c.h; path = "UIScrollView+PullLoad.h"; sourceTree = "<group>"; };
		426EC53217BCAA85009A27D4 /* UIScrollView+PullLoad.m */ = {isa = PBXFileReference; fileEncoding = 4; lastKnownFileType = sourcecode.c.objc; path = "UIScrollView+PullLoad.m"; sourceTree = "<group>"; };
		426EC53317BCAA85009A27D4 /* Utils.h */ = {isa = PBXFileReference; fileEncoding = 4; lastKnownFileType = sourcecode.c.h; path = Utils.h; sourceTree = "<group>"; };
		426EC53417BCAA85009A27D4 /* Utils.m */ = {isa = PBXFileReference; fileEncoding = 4; lastKnownFileType = sourcecode.c.objc; path = Utils.m; sourceTree = "<group>"; };
		426EC53517BCAA85009A27D4 /* GetLocationInfo.h */ = {isa = PBXFileReference; fileEncoding = 4; lastKnownFileType = sourcecode.c.h; path = GetLocationInfo.h; sourceTree = "<group>"; };
		426EC53617BCAA85009A27D4 /* GetLocationInfo.m */ = {isa = PBXFileReference; fileEncoding = 4; lastKnownFileType = sourcecode.c.objc; path = GetLocationInfo.m; sourceTree = "<group>"; };
		426EC53717BCAA85009A27D4 /* PublicDefine.h */ = {isa = PBXFileReference; fileEncoding = 4; lastKnownFileType = sourcecode.c.h; path = PublicDefine.h; sourceTree = "<group>"; };
		426EC53C17BCAAF8009A27D4 /* FMDatabase.h */ = {isa = PBXFileReference; fileEncoding = 4; lastKnownFileType = sourcecode.c.h; path = FMDatabase.h; sourceTree = "<group>"; };
		426EC53D17BCAAF8009A27D4 /* FMDatabase.m */ = {isa = PBXFileReference; fileEncoding = 4; lastKnownFileType = sourcecode.c.objc; path = FMDatabase.m; sourceTree = "<group>"; };
		426EC53E17BCAAF8009A27D4 /* FMDatabaseAdditions.h */ = {isa = PBXFileReference; fileEncoding = 4; lastKnownFileType = sourcecode.c.h; path = FMDatabaseAdditions.h; sourceTree = "<group>"; };
		426EC53F17BCAAF8009A27D4 /* FMDatabaseAdditions.m */ = {isa = PBXFileReference; fileEncoding = 4; lastKnownFileType = sourcecode.c.objc; path = FMDatabaseAdditions.m; sourceTree = "<group>"; };
		426EC54017BCAAF8009A27D4 /* FMDatabasePool.h */ = {isa = PBXFileReference; fileEncoding = 4; lastKnownFileType = sourcecode.c.h; path = FMDatabasePool.h; sourceTree = "<group>"; };
		426EC54117BCAAF8009A27D4 /* FMDatabasePool.m */ = {isa = PBXFileReference; fileEncoding = 4; lastKnownFileType = sourcecode.c.objc; path = FMDatabasePool.m; sourceTree = "<group>"; };
		426EC54217BCAAF8009A27D4 /* FMDatabaseQueue.h */ = {isa = PBXFileReference; fileEncoding = 4; lastKnownFileType = sourcecode.c.h; path = FMDatabaseQueue.h; sourceTree = "<group>"; };
		426EC54317BCAAF8009A27D4 /* FMDatabaseQueue.m */ = {isa = PBXFileReference; fileEncoding = 4; lastKnownFileType = sourcecode.c.objc; path = FMDatabaseQueue.m; sourceTree = "<group>"; };
		426EC54417BCAAF8009A27D4 /* FMResultSet.h */ = {isa = PBXFileReference; fileEncoding = 4; lastKnownFileType = sourcecode.c.h; path = FMResultSet.h; sourceTree = "<group>"; };
		426EC54517BCAAF8009A27D4 /* FMResultSet.m */ = {isa = PBXFileReference; fileEncoding = 4; lastKnownFileType = sourcecode.c.objc; path = FMResultSet.m; sourceTree = "<group>"; };
		426EC54B17BCAB02009A27D4 /* DBManager.h */ = {isa = PBXFileReference; fileEncoding = 4; lastKnownFileType = sourcecode.c.h; path = DBManager.h; sourceTree = "<group>"; };
		426EC54C17BCAB02009A27D4 /* DBManager.m */ = {isa = PBXFileReference; fileEncoding = 4; lastKnownFileType = sourcecode.c.objc; path = DBManager.m; sourceTree = "<group>"; };
		426EC54E17BCAB48009A27D4 /* CheckVesion.h */ = {isa = PBXFileReference; fileEncoding = 4; lastKnownFileType = sourcecode.c.h; path = CheckVesion.h; sourceTree = "<group>"; };
		426EC54F17BCAB48009A27D4 /* CheckVesion.m */ = {isa = PBXFileReference; fileEncoding = 4; lastKnownFileType = sourcecode.c.objc; path = CheckVesion.m; sourceTree = "<group>"; };
		426EC55217BCAB87009A27D4 /* ASIImageView.h */ = {isa = PBXFileReference; fileEncoding = 4; lastKnownFileType = sourcecode.c.h; path = ASIImageView.h; sourceTree = "<group>"; };
		426EC55317BCAB87009A27D4 /* ASIImageView.m */ = {isa = PBXFileReference; fileEncoding = 4; lastKnownFileType = sourcecode.c.objc; path = ASIImageView.m; sourceTree = "<group>"; };
		426EC55517BCABA2009A27D4 /* ASIAuthenticationDialog.h */ = {isa = PBXFileReference; fileEncoding = 4; lastKnownFileType = sourcecode.c.h; path = ASIAuthenticationDialog.h; sourceTree = "<group>"; };
		426EC55617BCABA2009A27D4 /* ASIAuthenticationDialog.m */ = {isa = PBXFileReference; fileEncoding = 4; lastKnownFileType = sourcecode.c.objc; path = ASIAuthenticationDialog.m; sourceTree = "<group>"; };
		426EC55717BCABA2009A27D4 /* ASICacheDelegate.h */ = {isa = PBXFileReference; fileEncoding = 4; lastKnownFileType = sourcecode.c.h; path = ASICacheDelegate.h; sourceTree = "<group>"; };
		426EC55817BCABA2009A27D4 /* ASIDataCompressor.h */ = {isa = PBXFileReference; fileEncoding = 4; lastKnownFileType = sourcecode.c.h; path = ASIDataCompressor.h; sourceTree = "<group>"; };
		426EC55917BCABA2009A27D4 /* ASIDataCompressor.m */ = {isa = PBXFileReference; fileEncoding = 4; lastKnownFileType = sourcecode.c.objc; path = ASIDataCompressor.m; sourceTree = "<group>"; };
		426EC55A17BCABA2009A27D4 /* ASIDataDecompressor.h */ = {isa = PBXFileReference; fileEncoding = 4; lastKnownFileType = sourcecode.c.h; path = ASIDataDecompressor.h; sourceTree = "<group>"; };
		426EC55B17BCABA2009A27D4 /* ASIDataDecompressor.m */ = {isa = PBXFileReference; fileEncoding = 4; lastKnownFileType = sourcecode.c.objc; path = ASIDataDecompressor.m; sourceTree = "<group>"; };
		426EC55C17BCABA2009A27D4 /* ASIDownloadCache.h */ = {isa = PBXFileReference; fileEncoding = 4; lastKnownFileType = sourcecode.c.h; path = ASIDownloadCache.h; sourceTree = "<group>"; };
		426EC55D17BCABA2009A27D4 /* ASIDownloadCache.m */ = {isa = PBXFileReference; fileEncoding = 4; lastKnownFileType = sourcecode.c.objc; path = ASIDownloadCache.m; sourceTree = "<group>"; };
		426EC55E17BCABA2009A27D4 /* ASIFormDataRequest.h */ = {isa = PBXFileReference; fileEncoding = 4; lastKnownFileType = sourcecode.c.h; path = ASIFormDataRequest.h; sourceTree = "<group>"; };
		426EC55F17BCABA2009A27D4 /* ASIFormDataRequest.m */ = {isa = PBXFileReference; fileEncoding = 4; lastKnownFileType = sourcecode.c.objc; path = ASIFormDataRequest.m; sourceTree = "<group>"; };
		426EC56017BCABA2009A27D4 /* ASIHTTPRequest.h */ = {isa = PBXFileReference; fileEncoding = 4; lastKnownFileType = sourcecode.c.h; path = ASIHTTPRequest.h; sourceTree = "<group>"; };
		426EC56117BCABA2009A27D4 /* ASIHTTPRequest.m */ = {isa = PBXFileReference; fileEncoding = 4; lastKnownFileType = sourcecode.c.objc; path = ASIHTTPRequest.m; sourceTree = "<group>"; };
		426EC56217BCABA2009A27D4 /* ASIHTTPRequestConfig.h */ = {isa = PBXFileReference; fileEncoding = 4; lastKnownFileType = sourcecode.c.h; path = ASIHTTPRequestConfig.h; sourceTree = "<group>"; };
		426EC56317BCABA2009A27D4 /* ASIHTTPRequestDelegate.h */ = {isa = PBXFileReference; fileEncoding = 4; lastKnownFileType = sourcecode.c.h; path = ASIHTTPRequestDelegate.h; sourceTree = "<group>"; };
		426EC56417BCABA2009A27D4 /* ASIInputStream.h */ = {isa = PBXFileReference; fileEncoding = 4; lastKnownFileType = sourcecode.c.h; path = ASIInputStream.h; sourceTree = "<group>"; };
		426EC56517BCABA2009A27D4 /* ASIInputStream.m */ = {isa = PBXFileReference; fileEncoding = 4; lastKnownFileType = sourcecode.c.objc; path = ASIInputStream.m; sourceTree = "<group>"; };
		426EC56617BCABA2009A27D4 /* ASINetworkQueue.h */ = {isa = PBXFileReference; fileEncoding = 4; lastKnownFileType = sourcecode.c.h; path = ASINetworkQueue.h; sourceTree = "<group>"; };
		426EC56717BCABA2009A27D4 /* ASINetworkQueue.m */ = {isa = PBXFileReference; fileEncoding = 4; lastKnownFileType = sourcecode.c.objc; path = ASINetworkQueue.m; sourceTree = "<group>"; };
		426EC56817BCABA2009A27D4 /* ASIProgressDelegate.h */ = {isa = PBXFileReference; fileEncoding = 4; lastKnownFileType = sourcecode.c.h; path = ASIProgressDelegate.h; sourceTree = "<group>"; };
		426EC56917BCABA2009A27D4 /* Reachability.h */ = {isa = PBXFileReference; fileEncoding = 4; lastKnownFileType = sourcecode.c.h; path = Reachability.h; sourceTree = "<group>"; };
		426EC56A17BCABA2009A27D4 /* Reachability.m */ = {isa = PBXFileReference; fileEncoding = 4; lastKnownFileType = sourcecode.c.objc; path = Reachability.m; sourceTree = "<group>"; };
		426EC57417BCABB6009A27D4 /* HttpRequestCenter.h */ = {isa = PBXFileReference; fileEncoding = 4; lastKnownFileType = sourcecode.c.h; path = HttpRequestCenter.h; sourceTree = "<group>"; };
		426EC57517BCABB6009A27D4 /* HttpRequestCenter.m */ = {isa = PBXFileReference; fileEncoding = 4; lastKnownFileType = sourcecode.c.objc; path = HttpRequestCenter.m; sourceTree = "<group>"; };
		426EC57617BCABB6009A27D4 /* ReqBody.h */ = {isa = PBXFileReference; fileEncoding = 4; lastKnownFileType = sourcecode.c.h; path = ReqBody.h; sourceTree = "<group>"; };
		426EC57717BCABB6009A27D4 /* ReqBody.m */ = {isa = PBXFileReference; fileEncoding = 4; lastKnownFileType = sourcecode.c.objc; path = ReqBody.m; sourceTree = "<group>"; };
		426EC57817BCABB6009A27D4 /* RespBody.h */ = {isa = PBXFileReference; fileEncoding = 4; lastKnownFileType = sourcecode.c.h; path = RespBody.h; sourceTree = "<group>"; };
		426EC57917BCABB6009A27D4 /* RespBody.m */ = {isa = PBXFileReference; fileEncoding = 4; lastKnownFileType = sourcecode.c.objc; path = RespBody.m; sourceTree = "<group>"; };
		426EC57D17BCABD0009A27D4 /* NetPublicDefine.h */ = {isa = PBXFileReference; fileEncoding = 4; lastKnownFileType = sourcecode.c.h; path = NetPublicDefine.h; sourceTree = "<group>"; };
		4277327317BCAC3700C16A07 /* area.plist */ = {isa = PBXFileReference; fileEncoding = 4; lastKnownFileType = text.plist.xml; path = area.plist; sourceTree = "<group>"; };
		4277327417BCAC3700C16A07 /* UserInfo.plist */ = {isa = PBXFileReference; fileEncoding = 4; lastKnownFileType = text.plist.xml; path = UserInfo.plist; sourceTree = "<group>"; };
		4277327517BCAC3700C16A07 /* Config.plist */ = {isa = PBXFileReference; fileEncoding = 4; lastKnownFileType = text.plist.xml; path = Config.plist; sourceTree = "<group>"; };
		4277327617BCAC3700C16A07 /* RespNameDefine.plist */ = {isa = PBXFileReference; fileEncoding = 4; lastKnownFileType = text.plist.xml; path = RespNameDefine.plist; sourceTree = "<group>"; };
		4277327717BCAC3700C16A07 /* ReqUrlDefine.plist */ = {isa = PBXFileReference; fileEncoding = 4; lastKnownFileType = text.plist.xml; path = ReqUrlDefine.plist; sourceTree = "<group>"; };
		4277327817BCAC3700C16A07 /* errorCode.plist */ = {isa = PBXFileReference; fileEncoding = 4; lastKnownFileType = text.plist.xml; path = errorCode.plist; sourceTree = "<group>"; };
		4277328017BCACF400C16A07 /* JMWhenTapped.h */ = {isa = PBXFileReference; fileEncoding = 4; lastKnownFileType = sourcecode.c.h; path = JMWhenTapped.h; sourceTree = "<group>"; };
		4277328117BCACF400C16A07 /* UIView+WhenTappedBlocks.h */ = {isa = PBXFileReference; fileEncoding = 4; lastKnownFileType = sourcecode.c.h; path = "UIView+WhenTappedBlocks.h"; sourceTree = "<group>"; };
		4277328217BCACF400C16A07 /* UIView+WhenTappedBlocks.m */ = {isa = PBXFileReference; fileEncoding = 4; lastKnownFileType = sourcecode.c.objc; path = "UIView+WhenTappedBlocks.m"; sourceTree = "<group>"; };
		4277328317BCACF400C16A07 /* ImageControl.h */ = {isa = PBXFileReference; fileEncoding = 4; lastKnownFileType = sourcecode.c.h; path = ImageControl.h; sourceTree = "<group>"; };
		4277328417BCACF400C16A07 /* ImageControl.m */ = {isa = PBXFileReference; fileEncoding = 4; lastKnownFileType = sourcecode.c.objc; path = ImageControl.m; sourceTree = "<group>"; };
		4277328517BCACF400C16A07 /* StarControl.h */ = {isa = PBXFileReference; fileEncoding = 4; lastKnownFileType = sourcecode.c.h; path = StarControl.h; sourceTree = "<group>"; };
		4277328617BCACF400C16A07 /* StarControl.m */ = {isa = PBXFileReference; fileEncoding = 4; lastKnownFileType = sourcecode.c.objc; path = StarControl.m; sourceTree = "<group>"; };
		4277328A17BCAD2200C16A07 /* CAlertView.h */ = {isa = PBXFileReference; fileEncoding = 4; lastKnownFileType = sourcecode.c.h; path = CAlertView.h; sourceTree = "<group>"; };
		4277328B17BCAD2200C16A07 /* CAlertView.m */ = {isa = PBXFileReference; fileEncoding = 4; lastKnownFileType = sourcecode.c.objc; path = CAlertView.m; sourceTree = "<group>"; };
		4277328C17BCAD2200C16A07 /* CActivityIndicatorView.h */ = {isa = PBXFileReference; fileEncoding = 4; lastKnownFileType = sourcecode.c.h; path = CActivityIndicatorView.h; sourceTree = "<group>"; };
		4277328D17BCAD2200C16A07 /* CActivityIndicatorView.m */ = {isa = PBXFileReference; fileEncoding = 4; lastKnownFileType = sourcecode.c.objc; path = CActivityIndicatorView.m; sourceTree = "<group>"; };
		4277328E17BCAD2200C16A07 /* UINavigationBar+CustomImage.h */ = {isa = PBXFileReference; fileEncoding = 4; lastKnownFileType = sourcecode.c.h; path = "UINavigationBar+CustomImage.h"; sourceTree = "<group>"; };
		4277328F17BCAD2200C16A07 /* UINavigationBar+CustomImage.m */ = {isa = PBXFileReference; fileEncoding = 4; lastKnownFileType = sourcecode.c.objc; path = "UINavigationBar+CustomImage.m"; sourceTree = "<group>"; };
		427732EA17BCAF0500C16A07 /* UncaughtExceptionHandler.h */ = {isa = PBXFileReference; fileEncoding = 4; lastKnownFileType = sourcecode.c.h; path = UncaughtExceptionHandler.h; sourceTree = "<group>"; };
		427732EB17BCAF0500C16A07 /* UncaughtExceptionHandler.mm */ = {isa = PBXFileReference; fileEncoding = 4; lastKnownFileType = sourcecode.cpp.objcpp; path = UncaughtExceptionHandler.mm; sourceTree = "<group>"; };
		427732ED17BCAFB700C16A07 /* DataCenter.h */ = {isa = PBXFileReference; fileEncoding = 4; lastKnownFileType = sourcecode.c.h; path = DataCenter.h; sourceTree = "<group>"; };
		427732EE17BCAFB700C16A07 /* DataCenter.m */ = {isa = PBXFileReference; fileEncoding = 4; lastKnownFileType = sourcecode.c.objc; path = DataCenter.m; sourceTree = "<group>"; };
		427732F017BCB0E500C16A07 /* UserInfo.h */ = {isa = PBXFileReference; fileEncoding = 4; lastKnownFileType = sourcecode.c.h; path = UserInfo.h; sourceTree = "<group>"; };
		427732F117BCB0E500C16A07 /* UserInfo.m */ = {isa = PBXFileReference; fileEncoding = 4; lastKnownFileType = sourcecode.c.objc; path = UserInfo.m; sourceTree = "<group>"; };
		427732F417BCB20800C16A07 /* QQConnection.framework */ = {isa = PBXFileReference; lastKnownFileType = wrapper.framework; path = QQConnection.framework; sourceTree = "<group>"; };
		427732F517BCB20800C16A07 /* SinaWeiboConnection.framework */ = {isa = PBXFileReference; lastKnownFileType = wrapper.framework; path = SinaWeiboConnection.framework; sourceTree = "<group>"; };
		427732F617BCB20800C16A07 /* SMSConnection.framework */ = {isa = PBXFileReference; lastKnownFileType = wrapper.framework; path = SMSConnection.framework; sourceTree = "<group>"; };
		427732F717BCB20800C16A07 /* TencentWeiboConnection.framework */ = {isa = PBXFileReference; lastKnownFileType = wrapper.framework; path = TencentWeiboConnection.framework; sourceTree = "<group>"; };
		427732F817BCB20800C16A07 /* WeChatConnection.framework */ = {isa = PBXFileReference; lastKnownFileType = wrapper.framework; path = WeChatConnection.framework; sourceTree = "<group>"; };
		427732FA17BCB20800C16A07 /* AGCommon.framework */ = {isa = PBXFileReference; lastKnownFileType = wrapper.framework; path = AGCommon.framework; sourceTree = "<group>"; };
		427732FC17BCB20800C16A07 /* en */ = {isa = PBXFileReference; lastKnownFileType = text.plist.strings; name = en; path = en.lproj/ShareSDKLocalizable.strings; sourceTree = "<group>"; };
		427732FD17BCB20800C16A07 /* Resource.bundle */ = {isa = PBXFileReference; lastKnownFileType = "wrapper.plug-in"; path = Resource.bundle; sourceTree = "<group>"; };
		427732FE17BCB20800C16A07 /* ShareSDKCoreService.framework */ = {isa = PBXFileReference; lastKnownFileType = wrapper.framework; path = ShareSDKCoreService.framework; sourceTree = "<group>"; };
		4277330017BCB20800C16A07 /* QQApi.framework */ = {isa = PBXFileReference; lastKnownFileType = wrapper.framework; path = QQApi.framework; sourceTree = "<group>"; };
		4277330217BCB20800C16A07 /* libWeChatSDK_armv7_armv7s.a */ = {isa = PBXFileReference; lastKnownFileType = archive.ar; path = libWeChatSDK_armv7_armv7s.a; sourceTree = "<group>"; };
		4277330317BCB20800C16A07 /* WXApi.h */ = {isa = PBXFileReference; fileEncoding = 4; lastKnownFileType = sourcecode.c.h; path = WXApi.h; sourceTree = "<group>"; };
		4277330417BCB20800C16A07 /* WXApiObject.h */ = {isa = PBXFileReference; fileEncoding = 4; lastKnownFileType = sourcecode.c.h; path = WXApiObject.h; sourceTree = "<group>"; };
		4277330517BCB20800C16A07 /* ShareSDK.framework */ = {isa = PBXFileReference; lastKnownFileType = wrapper.framework; name = ShareSDK.framework; path = ShareSDK_v2.1.1/ShareSDK.framework; sourceTree = "<group>"; };
		4277330717BCB20800C16A07 /* ShareSDKiPadDefaultShareViewUI.bundle */ = {isa = PBXFileReference; lastKnownFileType = "wrapper.plug-in"; path = ShareSDKiPadDefaultShareViewUI.bundle; sourceTree = "<group>"; };
		4277330817BCB20800C16A07 /* ShareSDKiPadDefaultShareViewUI.framework */ = {isa = PBXFileReference; lastKnownFileType = wrapper.framework; path = ShareSDKiPadDefaultShareViewUI.framework; sourceTree = "<group>"; };
		4277330917BCB20800C16A07 /* ShareSDKiPadSimpleShareViewUI.bundle */ = {isa = PBXFileReference; lastKnownFileType = "wrapper.plug-in"; path = ShareSDKiPadSimpleShareViewUI.bundle; sourceTree = "<group>"; };
		4277330A17BCB20800C16A07 /* ShareSDKiPadSimpleShareViewUI.framework */ = {isa = PBXFileReference; lastKnownFileType = wrapper.framework; path = ShareSDKiPadSimpleShareViewUI.framework; sourceTree = "<group>"; };
		4277330B17BCB20800C16A07 /* ShareSDKiPhoneAppRecommendShareViewUI.framework */ = {isa = PBXFileReference; lastKnownFileType = wrapper.framework; path = ShareSDKiPhoneAppRecommendShareViewUI.framework; sourceTree = "<group>"; };
		4277330C17BCB20800C16A07 /* ShareSDKiPhoneDefaultShareViewUI.bundle */ = {isa = PBXFileReference; lastKnownFileType = "wrapper.plug-in"; path = ShareSDKiPhoneDefaultShareViewUI.bundle; sourceTree = "<group>"; };
		4277330D17BCB20800C16A07 /* ShareSDKiPhoneDefaultShareViewUI.framework */ = {isa = PBXFileReference; lastKnownFileType = wrapper.framework; path = ShareSDKiPhoneDefaultShareViewUI.framework; sourceTree = "<group>"; };
		4277330E17BCB20800C16A07 /* ShareSDKiPhoneSimpleShareViewUI.bundle */ = {isa = PBXFileReference; lastKnownFileType = "wrapper.plug-in"; path = ShareSDKiPhoneSimpleShareViewUI.bundle; sourceTree = "<group>"; };
		4277330F17BCB20800C16A07 /* ShareSDKiPhoneSimpleShareViewUI.framework */ = {isa = PBXFileReference; lastKnownFileType = wrapper.framework; path = ShareSDKiPhoneSimpleShareViewUI.framework; sourceTree = "<group>"; };
		4277332617BCB46600C16A07 /* JSON.h */ = {isa = PBXFileReference; fileEncoding = 4; lastKnownFileType = sourcecode.c.h; path = JSON.h; sourceTree = "<group>"; };
		4277332717BCB46600C16A07 /* NSObject+SBJSON.h */ = {isa = PBXFileReference; fileEncoding = 4; lastKnownFileType = sourcecode.c.h; path = "NSObject+SBJSON.h"; sourceTree = "<group>"; };
		4277332817BCB46600C16A07 /* NSObject+SBJSON.m */ = {isa = PBXFileReference; fileEncoding = 4; lastKnownFileType = sourcecode.c.objc; path = "NSObject+SBJSON.m"; sourceTree = "<group>"; };
		4277332917BCB46600C16A07 /* NSString+SBJSON.h */ = {isa = PBXFileReference; fileEncoding = 4; lastKnownFileType = sourcecode.c.h; path = "NSString+SBJSON.h"; sourceTree = "<group>"; };
		4277332A17BCB46600C16A07 /* NSString+SBJSON.m */ = {isa = PBXFileReference; fileEncoding = 4; lastKnownFileType = sourcecode.c.objc; path = "NSString+SBJSON.m"; sourceTree = "<group>"; };
		4277332B17BCB46600C16A07 /* SBJSON.h */ = {isa = PBXFileReference; fileEncoding = 4; lastKnownFileType = sourcecode.c.h; path = SBJSON.h; sourceTree = "<group>"; };
		4277332C17BCB46600C16A07 /* SBJSON.m */ = {isa = PBXFileReference; fileEncoding = 4; lastKnownFileType = sourcecode.c.objc; path = SBJSON.m; sourceTree = "<group>"; };
		4277332D17BCB46600C16A07 /* SBJsonBase.h */ = {isa = PBXFileReference; fileEncoding = 4; lastKnownFileType = sourcecode.c.h; path = SBJsonBase.h; sourceTree = "<group>"; };
		4277332E17BCB46600C16A07 /* SBJsonBase.m */ = {isa = PBXFileReference; fileEncoding = 4; lastKnownFileType = sourcecode.c.objc; path = SBJsonBase.m; sourceTree = "<group>"; };
		4277332F17BCB46600C16A07 /* SBJsonParser.h */ = {isa = PBXFileReference; fileEncoding = 4; lastKnownFileType = sourcecode.c.h; path = SBJsonParser.h; sourceTree = "<group>"; };
		4277333017BCB46600C16A07 /* SBJsonParser.m */ = {isa = PBXFileReference; fileEncoding = 4; lastKnownFileType = sourcecode.c.objc; path = SBJsonParser.m; sourceTree = "<group>"; };
		4277333117BCB46600C16A07 /* SBJsonWriter.h */ = {isa = PBXFileReference; fileEncoding = 4; lastKnownFileType = sourcecode.c.h; path = SBJsonWriter.h; sourceTree = "<group>"; };
		4277333217BCB46600C16A07 /* SBJsonWriter.m */ = {isa = PBXFileReference; fileEncoding = 4; lastKnownFileType = sourcecode.c.objc; path = SBJsonWriter.m; sourceTree = "<group>"; };
		4277333917BCB4E900C16A07 /* WaterFlowView.h */ = {isa = PBXFileReference; fileEncoding = 4; lastKnownFileType = sourcecode.c.h; path = WaterFlowView.h; sourceTree = "<group>"; };
		4277333A17BCB4E900C16A07 /* WaterFlowView.m */ = {isa = PBXFileReference; fileEncoding = 4; lastKnownFileType = sourcecode.c.objc; path = WaterFlowView.m; sourceTree = "<group>"; };
		4277333C17BCB67D00C16A07 /* QuartzCore.framework */ = {isa = PBXFileReference; lastKnownFileType = wrapper.framework; name = QuartzCore.framework; path = System/Library/Frameworks/QuartzCore.framework; sourceTree = SDKROOT; };
		4277333E17BCB68700C16A07 /* SystemConfiguration.framework */ = {isa = PBXFileReference; lastKnownFileType = wrapper.framework; name = SystemConfiguration.framework; path = System/Library/Frameworks/SystemConfiguration.framework; sourceTree = SDKROOT; };
		4277334017BCB68E00C16A07 /* MobileCoreServices.framework */ = {isa = PBXFileReference; lastKnownFileType = wrapper.framework; name = MobileCoreServices.framework; path = System/Library/Frameworks/MobileCoreServices.framework; sourceTree = SDKROOT; };
		4277334217BCB69500C16A07 /* CFNetwork.framework */ = {isa = PBXFileReference; lastKnownFileType = wrapper.framework; name = CFNetwork.framework; path = System/Library/Frameworks/CFNetwork.framework; sourceTree = SDKROOT; };
		4277334417BCB69A00C16A07 /* Security.framework */ = {isa = PBXFileReference; lastKnownFileType = wrapper.framework; name = Security.framework; path = System/Library/Frameworks/Security.framework; sourceTree = SDKROOT; };
		4277334617BCB6A000C16A07 /* MessageUI.framework */ = {isa = PBXFileReference; lastKnownFileType = wrapper.framework; name = MessageUI.framework; path = System/Library/Frameworks/MessageUI.framework; sourceTree = SDKROOT; };
		4277334817BCB6AC00C16A07 /* libicucore.dylib */ = {isa = PBXFileReference; lastKnownFileType = "compiled.mach-o.dylib"; name = libicucore.dylib; path = usr/lib/libicucore.dylib; sourceTree = SDKROOT; };
		4277334A17BCB6B600C16A07 /* libsqlite3.0.dylib */ = {isa = PBXFileReference; lastKnownFileType = "compiled.mach-o.dylib"; name = libsqlite3.0.dylib; path = usr/lib/libsqlite3.0.dylib; sourceTree = SDKROOT; };
		4277334C17BCB6BF00C16A07 /* libz.1.2.5.dylib */ = {isa = PBXFileReference; lastKnownFileType = "compiled.mach-o.dylib"; name = libz.1.2.5.dylib; path = usr/lib/libz.1.2.5.dylib; sourceTree = SDKROOT; };
		4277334E17BCB6E500C16A07 /* CoreLocation.framework */ = {isa = PBXFileReference; lastKnownFileType = wrapper.framework; name = CoreLocation.framework; path = System/Library/Frameworks/CoreLocation.framework; sourceTree = SDKROOT; };
		4277335017BCB71200C16A07 /* MapKit.framework */ = {isa = PBXFileReference; lastKnownFileType = wrapper.framework; name = MapKit.framework; path = System/Library/Frameworks/MapKit.framework; sourceTree = SDKROOT; };
		4277335217BCBD7400C16A07 /* bg_index.png */ = {isa = PBXFileReference; lastKnownFileType = image.png; path = bg_index.png; sourceTree = "<group>"; };
		4277335417BCBDA500C16A07 /* RootNavViewController.h */ = {isa = PBXFileReference; fileEncoding = 4; lastKnownFileType = sourcecode.c.h; path = RootNavViewController.h; sourceTree = "<group>"; };
		4277335517BCBDA500C16A07 /* RootNavViewController.m */ = {isa = PBXFileReference; fileEncoding = 4; lastKnownFileType = sourcecode.c.objc; path = RootNavViewController.m; sourceTree = "<group>"; };
		4277335717BCBE4800C16A07 /* bac-1.png */ = {isa = PBXFileReference; lastKnownFileType = image.png; path = "bac-1.png"; sourceTree = "<group>"; };
		4277335917BCBFC600C16A07 /* CommonViewController.h */ = {isa = PBXFileReference; fileEncoding = 4; lastKnownFileType = sourcecode.c.h; path = CommonViewController.h; sourceTree = "<group>"; };
		4277335A17BCBFC600C16A07 /* CommonViewController.m */ = {isa = PBXFileReference; fileEncoding = 4; lastKnownFileType = sourcecode.c.objc; path = CommonViewController.m; sourceTree = "<group>"; };
		4277335C17BCBFFA00C16A07 /* button-back.png */ = {isa = PBXFileReference; lastKnownFileType = image.png; path = "button-back.png"; sourceTree = "<group>"; };
		4277335E17BCC0C800C16A07 /* gold_star_gray.png */ = {isa = PBXFileReference; lastKnownFileType = image.png; path = gold_star_gray.png; sourceTree = "<group>"; };
		4277335F17BCC0C800C16A07 /* gold_star_half.png */ = {isa = PBXFileReference; lastKnownFileType = image.png; path = gold_star_half.png; sourceTree = "<group>"; };
		4277336017BCC0C900C16A07 /* gold_star_yellow.png */ = {isa = PBXFileReference; lastKnownFileType = image.png; path = gold_star_yellow.png; sourceTree = "<group>"; };
		4277336417BCC14B00C16A07 /* top_right.png */ = {isa = PBXFileReference; lastKnownFileType = image.png; path = top_right.png; sourceTree = "<group>"; };
		4277336617BCC1D100C16A07 /* gold_login_btn.png */ = {isa = PBXFileReference; lastKnownFileType = image.png; path = gold_login_btn.png; sourceTree = "<group>"; };
		4277336717BCC1D100C16A07 /* gold_confirm_btn.png */ = {isa = PBXFileReference; lastKnownFileType = image.png; path = gold_confirm_btn.png; sourceTree = "<group>"; };
		4277336817BCC1D200C16A07 /* gold_more_btn.png */ = {isa = PBXFileReference; lastKnownFileType = image.png; path = gold_more_btn.png; sourceTree = "<group>"; };
		4277336917BCC1D300C16A07 /* gold_downbtn.png */ = {isa = PBXFileReference; lastKnownFileType = image.png; path = gold_downbtn.png; sourceTree = "<group>"; };
		4277336E17BCC21600C16A07 /* gold_load_progress.png */ = {isa = PBXFileReference; lastKnownFileType = image.png; path = gold_load_progress.png; sourceTree = "<group>"; };
		4277336F17BCC21700C16A07 /* gold_load_back.png */ = {isa = PBXFileReference; lastKnownFileType = image.png; path = gold_load_back.png; sourceTree = "<group>"; };
		4277337217BCC49800C16A07 /* HomeViewController.h */ = {isa = PBXFileReference; fileEncoding = 4; lastKnownFileType = sourcecode.c.h; path = HomeViewController.h; sourceTree = "<group>"; };
		4277337317BCC49800C16A07 /* HomeViewController.m */ = {isa = PBXFileReference; fileEncoding = 4; lastKnownFileType = sourcecode.c.objc; path = HomeViewController.m; sourceTree = "<group>"; };
		4277337E17BCC5E200C16A07 /* MoreViewController.h */ = {isa = PBXFileReference; fileEncoding = 4; lastKnownFileType = sourcecode.c.h; path = MoreViewController.h; sourceTree = "<group>"; };
		4277337F17BCC5E200C16A07 /* MoreViewController.m */ = {isa = PBXFileReference; fileEncoding = 4; lastKnownFileType = sourcecode.c.objc; path = MoreViewController.m; sourceTree = "<group>"; };
		4277338117BCC5EF00C16A07 /* FouthViewController.h */ = {isa = PBXFileReference; fileEncoding = 4; lastKnownFileType = sourcecode.c.h; path = FouthViewController.h; sourceTree = "<group>"; };
		4277338217BCC5EF00C16A07 /* FouthViewController.m */ = {isa = PBXFileReference; fileEncoding = 4; lastKnownFileType = sourcecode.c.objc; path = FouthViewController.m; sourceTree = "<group>"; };
		4277338417BCC5FA00C16A07 /* ThirdViewController.h */ = {isa = PBXFileReference; fileEncoding = 4; lastKnownFileType = sourcecode.c.h; path = ThirdViewController.h; sourceTree = "<group>"; };
		4277338517BCC5FA00C16A07 /* ThirdViewController.m */ = {isa = PBXFileReference; fileEncoding = 4; lastKnownFileType = sourcecode.c.objc; path = ThirdViewController.m; sourceTree = "<group>"; };
		4277338717BCC60400C16A07 /* SecondViewController.h */ = {isa = PBXFileReference; fileEncoding = 4; lastKnownFileType = sourcecode.c.h; path = SecondViewController.h; sourceTree = "<group>"; };
		4277338817BCC60400C16A07 /* SecondViewController.m */ = {isa = PBXFileReference; fileEncoding = 4; lastKnownFileType = sourcecode.c.objc; path = SecondViewController.m; sourceTree = "<group>"; };
		4277338A17BCC8BE00C16A07 /* DevTabBarViewController.h */ = {isa = PBXFileReference; fileEncoding = 4; lastKnownFileType = sourcecode.c.h; path = DevTabBarViewController.h; sourceTree = "<group>"; };
		4277338B17BCC8BE00C16A07 /* DevTabBarViewController.m */ = {isa = PBXFileReference; fileEncoding = 4; lastKnownFileType = sourcecode.c.objc; path = DevTabBarViewController.m; sourceTree = "<group>"; };
		4277338D17BCC9A000C16A07 /* gold_menu_2_v.png */ = {isa = PBXFileReference; lastKnownFileType = image.png; path = gold_menu_2_v.png; sourceTree = "<group>"; };
		4277338E17BCC9A000C16A07 /* gold_menu_2.png */ = {isa = PBXFileReference; lastKnownFileType = image.png; path = gold_menu_2.png; sourceTree = "<group>"; };
		4277338F17BCC9A100C16A07 /* gold_menu_3_v.png */ = {isa = PBXFileReference; lastKnownFileType = image.png; path = gold_menu_3_v.png; sourceTree = "<group>"; };
		4277339017BCC9A200C16A07 /* gold_menu_3.png */ = {isa = PBXFileReference; lastKnownFileType = image.png; path = gold_menu_3.png; sourceTree = "<group>"; };
		4277339117BCC9A200C16A07 /* gold_menu_4_v.png */ = {isa = PBXFileReference; lastKnownFileType = image.png; path = gold_menu_4_v.png; sourceTree = "<group>"; };
		4277339217BCC9A400C16A07 /* gold_menu_4.png */ = {isa = PBXFileReference; lastKnownFileType = image.png; path = gold_menu_4.png; sourceTree = "<group>"; };
		4277339317BCC9A400C16A07 /* gold_menu_5_v.png */ = {isa = PBXFileReference; lastKnownFileType = image.png; path = gold_menu_5_v.png; sourceTree = "<group>"; };
		4277339417BCC9A500C16A07 /* gold_menu_5.png */ = {isa = PBXFileReference; lastKnownFileType = image.png; path = gold_menu_5.png; sourceTree = "<group>"; };
		4277339517BCC9A500C16A07 /* gold_menu_1_v.png */ = {isa = PBXFileReference; lastKnownFileType = image.png; path = gold_menu_1_v.png; sourceTree = "<group>"; };
		4277339617BCC9A500C16A07 /* gold_menu_1.png */ = {isa = PBXFileReference; lastKnownFileType = image.png; path = gold_menu_1.png; sourceTree = "<group>"; };
		427733A117BCD13000C16A07 /* gold_alertBack.png */ = {isa = PBXFileReference; lastKnownFileType = image.png; path = gold_alertBack.png; sourceTree = "<group>"; };
		427733A317BCD14500C16A07 /* gold_alert_button_left.png */ = {isa = PBXFileReference; lastKnownFileType = image.png; path = gold_alert_button_left.png; sourceTree = "<group>"; };
/* End PBXFileReference section */

/* Begin PBXFrameworksBuildPhase section */
		426EC4FE17BCA91A009A27D4 /* Frameworks */ = {
			isa = PBXFrameworksBuildPhase;
			buildActionMask = 2147483647;
			files = (
				4277335117BCB71200C16A07 /* MapKit.framework in Frameworks */,
				4277334F17BCB6E500C16A07 /* CoreLocation.framework in Frameworks */,
				4277334D17BCB6BF00C16A07 /* libz.1.2.5.dylib in Frameworks */,
				4277334B17BCB6B600C16A07 /* libsqlite3.0.dylib in Frameworks */,
				4277334917BCB6AC00C16A07 /* libicucore.dylib in Frameworks */,
				4277334717BCB6A000C16A07 /* MessageUI.framework in Frameworks */,
				4277334517BCB69B00C16A07 /* Security.framework in Frameworks */,
				4277334317BCB69500C16A07 /* CFNetwork.framework in Frameworks */,
				4277334117BCB68F00C16A07 /* MobileCoreServices.framework in Frameworks */,
				4277333F17BCB68700C16A07 /* SystemConfiguration.framework in Frameworks */,
				4277333D17BCB67D00C16A07 /* QuartzCore.framework in Frameworks */,
				426EC50517BCA91A009A27D4 /* UIKit.framework in Frameworks */,
				426EC50717BCA91A009A27D4 /* Foundation.framework in Frameworks */,
				426EC50917BCA91A009A27D4 /* CoreGraphics.framework in Frameworks */,
				4277331017BCB20800C16A07 /* QQConnection.framework in Frameworks */,
				4277331117BCB20800C16A07 /* SinaWeiboConnection.framework in Frameworks */,
				4277331217BCB20800C16A07 /* SMSConnection.framework in Frameworks */,
				4277331317BCB20800C16A07 /* TencentWeiboConnection.framework in Frameworks */,
				4277331417BCB20800C16A07 /* WeChatConnection.framework in Frameworks */,
				4277331517BCB20800C16A07 /* AGCommon.framework in Frameworks */,
				4277331817BCB20800C16A07 /* ShareSDKCoreService.framework in Frameworks */,
				4277331917BCB20800C16A07 /* QQApi.framework in Frameworks */,
				4277331A17BCB20800C16A07 /* libWeChatSDK_armv7_armv7s.a in Frameworks */,
				4277331B17BCB20900C16A07 /* ShareSDK.framework in Frameworks */,
				4277331D17BCB20900C16A07 /* ShareSDKiPadDefaultShareViewUI.framework in Frameworks */,
				4277331F17BCB20900C16A07 /* ShareSDKiPadSimpleShareViewUI.framework in Frameworks */,
				4277332017BCB20900C16A07 /* ShareSDKiPhoneAppRecommendShareViewUI.framework in Frameworks */,
				4277332217BCB20900C16A07 /* ShareSDKiPhoneDefaultShareViewUI.framework in Frameworks */,
				4277332417BCB20900C16A07 /* ShareSDKiPhoneSimpleShareViewUI.framework in Frameworks */,
			);
			runOnlyForDeploymentPostprocessing = 0;
		};
/* End PBXFrameworksBuildPhase section */

/* Begin PBXGroup section */
		426EC4F817BCA91A009A27D4 = {
			isa = PBXGroup;
			children = (
				426EC50A17BCA91A009A27D4 /* DeveloperModule */,
				426EC50317BCA91A009A27D4 /* Frameworks */,
				426EC50217BCA91A009A27D4 /* Products */,
			);
			sourceTree = "<group>";
		};
		426EC50217BCA91A009A27D4 /* Products */ = {
			isa = PBXGroup;
			children = (
				426EC50117BCA91A009A27D4 /* DeveloperModule.app */,
			);
			name = Products;
			sourceTree = "<group>";
		};
		426EC50317BCA91A009A27D4 /* Frameworks */ = {
			isa = PBXGroup;
			children = (
				4277334C17BCB6BF00C16A07 /* libz.1.2.5.dylib */,
				4277334A17BCB6B600C16A07 /* libsqlite3.0.dylib */,
				4277334817BCB6AC00C16A07 /* libicucore.dylib */,
				4277335017BCB71200C16A07 /* MapKit.framework */,
				4277334E17BCB6E500C16A07 /* CoreLocation.framework */,
				4277334617BCB6A000C16A07 /* MessageUI.framework */,
				4277334417BCB69A00C16A07 /* Security.framework */,
				4277334217BCB69500C16A07 /* CFNetwork.framework */,
				4277334017BCB68E00C16A07 /* MobileCoreServices.framework */,
				4277333E17BCB68700C16A07 /* SystemConfiguration.framework */,
				4277333C17BCB67D00C16A07 /* QuartzCore.framework */,
				426EC50417BCA91A009A27D4 /* UIKit.framework */,
				426EC50617BCA91A009A27D4 /* Foundation.framework */,
				426EC50817BCA91A009A27D4 /* CoreGraphics.framework */,
			);
			name = Frameworks;
			sourceTree = "<group>";
		};
		426EC50A17BCA91A009A27D4 /* DeveloperModule */ = {
			isa = PBXGroup;
			children = (
				426EC52717BCA920009A27D4 /* Views */,
				426EC52817BCA924009A27D4 /* ViewControllers */,
				426EC52C17BCA955009A27D4 /* ASIHttpRequestCenter */,
				426EC55117BCAB63009A27D4 /* UIImageViewCache */,
				426EC52F17BCA985009A27D4 /* Utils */,
				426EC52E17BCA97F009A27D4 /* Model */,
				4277332517BCB44C00C16A07 /* SBJSON */,
				426EC53B17BCAACF009A27D4 /* DBManager */,
				426EC53017BCA9F9009A27D4 /* ShareSDK_v2.1.1 */,
				426EC52917BCA937009A27D4 /* Resources */,
				426EC51317BCA91A009A27D4 /* AppDelegate.h */,
				426EC51417BCA91A009A27D4 /* AppDelegate.m */,
				426EC50B17BCA91A009A27D4 /* Supporting Files */,
			);
			path = DeveloperModule;
			sourceTree = "<group>";
		};
		426EC50B17BCA91A009A27D4 /* Supporting Files */ = {
			isa = PBXGroup;
			children = (
				426EC50C17BCA91A009A27D4 /* DeveloperModule-Info.plist */,
				426EC50D17BCA91A009A27D4 /* InfoPlist.strings */,
				426EC51017BCA91A009A27D4 /* main.m */,
				426EC51217BCA91A009A27D4 /* DeveloperModule-Prefix.pch */,
				426EC51617BCA91A009A27D4 /* Default.png */,
				426EC51817BCA91A009A27D4 /* Default@2x.png */,
				426EC51A17BCA91A009A27D4 /* Default-568h@2x.png */,
			);
			name = "Supporting Files";
			sourceTree = "<group>";
		};
		426EC52717BCA920009A27D4 /* Views */ = {
			isa = PBXGroup;
			children = (
				4277327F17BCACE900C16A07 /* Common */,
			);
			name = Views;
			sourceTree = "<group>";
		};
		426EC52817BCA924009A27D4 /* ViewControllers */ = {
			isa = PBXGroup;
			children = (
				4277337517BCC4D900C16A07 /* DevTabbarViewController */,
				4277337917BCC54900C16A07 /* HomeModule */,
				4277337A17BCC55E00C16A07 /* SecondModule */,
				4277337B17BCC57000C16A07 /* ThirdModule */,
				4277337C17BCC57E00C16A07 /* FouthModule */,
				4277337D17BCC58C00C16A07 /* MoreModule */,
				4277335917BCBFC600C16A07 /* CommonViewController.h */,
				4277335A17BCBFC600C16A07 /* CommonViewController.m */,
				4277335417BCBDA500C16A07 /* RootNavViewController.h */,
				4277335517BCBDA500C16A07 /* RootNavViewController.m */,
			);
			name = ViewControllers;
			sourceTree = "<group>";
		};
		426EC52917BCA937009A27D4 /* Resources */ = {
			isa = PBXGroup;
			children = (
				426EC52B17BCA949009A27D4 /* Plist */,
				426EC52A17BCA941009A27D4 /* Image */,
			);
			name = Resources;
			sourceTree = "<group>";
		};
		426EC52A17BCA941009A27D4 /* Image */ = {
			isa = PBXGroup;
			children = (
				4277338D17BCC9A000C16A07 /* gold_menu_2_v.png */,
				4277338E17BCC9A000C16A07 /* gold_menu_2.png */,
				4277338F17BCC9A100C16A07 /* gold_menu_3_v.png */,
				4277339017BCC9A200C16A07 /* gold_menu_3.png */,
				4277339117BCC9A200C16A07 /* gold_menu_4_v.png */,
				4277339217BCC9A400C16A07 /* gold_menu_4.png */,
				4277339317BCC9A400C16A07 /* gold_menu_5_v.png */,
				4277339417BCC9A500C16A07 /* gold_menu_5.png */,
				4277339517BCC9A500C16A07 /* gold_menu_1_v.png */,
				4277339617BCC9A500C16A07 /* gold_menu_1.png */,
				4277336617BCC1D100C16A07 /* gold_login_btn.png */,
				4277336717BCC1D100C16A07 /* gold_confirm_btn.png */,
				4277336817BCC1D200C16A07 /* gold_more_btn.png */,
				4277336917BCC1D300C16A07 /* gold_downbtn.png */,
				4277336417BCC14B00C16A07 /* top_right.png */,
				4277335C17BCBFFA00C16A07 /* button-back.png */,
				4277336E17BCC21600C16A07 /* gold_load_progress.png */,
				4277336F17BCC21700C16A07 /* gold_load_back.png */,
				4277335717BCBE4800C16A07 /* bac-1.png */,
				4277335217BCBD7400C16A07 /* bg_index.png */,
				4277335E17BCC0C800C16A07 /* gold_star_gray.png */,
				4277335F17BCC0C800C16A07 /* gold_star_half.png */,
				4277336017BCC0C900C16A07 /* gold_star_yellow.png */,
				427733A117BCD13000C16A07 /* gold_alertBack.png */,
				427733A317BCD14500C16A07 /* gold_alert_button_left.png */,
			);
			name = Image;
			sourceTree = "<group>";
		};
		426EC52B17BCA949009A27D4 /* Plist */ = {
			isa = PBXGroup;
			children = (
				4277327317BCAC3700C16A07 /* area.plist */,
				4277327417BCAC3700C16A07 /* UserInfo.plist */,
				4277327517BCAC3700C16A07 /* Config.plist */,
				4277327617BCAC3700C16A07 /* RespNameDefine.plist */,
				4277327717BCAC3700C16A07 /* ReqUrlDefine.plist */,
				4277327817BCAC3700C16A07 /* errorCode.plist */,
			);
			name = Plist;
			sourceTree = "<group>";
		};
		426EC52C17BCA955009A27D4 /* ASIHttpRequestCenter */ = {
			isa = PBXGroup;
			children = (
				426EC52D17BCA96D009A27D4 /* ASIHttpRequest */,
				426EC57D17BCABD0009A27D4 /* NetPublicDefine.h */,
				426EC57417BCABB6009A27D4 /* HttpRequestCenter.h */,
				426EC57517BCABB6009A27D4 /* HttpRequestCenter.m */,
				426EC57617BCABB6009A27D4 /* ReqBody.h */,
				426EC57717BCABB6009A27D4 /* ReqBody.m */,
				426EC57817BCABB6009A27D4 /* RespBody.h */,
				426EC57917BCABB6009A27D4 /* RespBody.m */,
			);
			name = ASIHttpRequestCenter;
			sourceTree = "<group>";
		};
		426EC52D17BCA96D009A27D4 /* ASIHttpRequest */ = {
			isa = PBXGroup;
			children = (
				426EC55517BCABA2009A27D4 /* ASIAuthenticationDialog.h */,
				426EC55617BCABA2009A27D4 /* ASIAuthenticationDialog.m */,
				426EC55717BCABA2009A27D4 /* ASICacheDelegate.h */,
				426EC55817BCABA2009A27D4 /* ASIDataCompressor.h */,
				426EC55917BCABA2009A27D4 /* ASIDataCompressor.m */,
				426EC55A17BCABA2009A27D4 /* ASIDataDecompressor.h */,
				426EC55B17BCABA2009A27D4 /* ASIDataDecompressor.m */,
				426EC55C17BCABA2009A27D4 /* ASIDownloadCache.h */,
				426EC55D17BCABA2009A27D4 /* ASIDownloadCache.m */,
				426EC55E17BCABA2009A27D4 /* ASIFormDataRequest.h */,
				426EC55F17BCABA2009A27D4 /* ASIFormDataRequest.m */,
				426EC56017BCABA2009A27D4 /* ASIHTTPRequest.h */,
				426EC56117BCABA2009A27D4 /* ASIHTTPRequest.m */,
				426EC56217BCABA2009A27D4 /* ASIHTTPRequestConfig.h */,
				426EC56317BCABA2009A27D4 /* ASIHTTPRequestDelegate.h */,
				426EC56417BCABA2009A27D4 /* ASIInputStream.h */,
				426EC56517BCABA2009A27D4 /* ASIInputStream.m */,
				426EC56617BCABA2009A27D4 /* ASINetworkQueue.h */,
				426EC56717BCABA2009A27D4 /* ASINetworkQueue.m */,
				426EC56817BCABA2009A27D4 /* ASIProgressDelegate.h */,
				426EC56917BCABA2009A27D4 /* Reachability.h */,
				426EC56A17BCABA2009A27D4 /* Reachability.m */,
			);
			name = ASIHttpRequest;
			sourceTree = "<group>";
		};
		426EC52E17BCA97F009A27D4 /* Model */ = {
			isa = PBXGroup;
			children = (
				427732F017BCB0E500C16A07 /* UserInfo.h */,
				427732F117BCB0E500C16A07 /* UserInfo.m */,
			);
			name = Model;
			sourceTree = "<group>";
		};
		426EC52F17BCA985009A27D4 /* Utils */ = {
			isa = PBXGroup;
			children = (
				426EC53117BCAA85009A27D4 /* UIScrollView+PullLoad.h */,
				426EC53217BCAA85009A27D4 /* UIScrollView+PullLoad.m */,
				426EC53317BCAA85009A27D4 /* Utils.h */,
				426EC53417BCAA85009A27D4 /* Utils.m */,
				427732ED17BCAFB700C16A07 /* DataCenter.h */,
				427732EE17BCAFB700C16A07 /* DataCenter.m */,
				426EC53517BCAA85009A27D4 /* GetLocationInfo.h */,
				426EC53617BCAA85009A27D4 /* GetLocationInfo.m */,
				426EC53717BCAA85009A27D4 /* PublicDefine.h */,
				426EC54E17BCAB48009A27D4 /* CheckVesion.h */,
				426EC54F17BCAB48009A27D4 /* CheckVesion.m */,
				427732EA17BCAF0500C16A07 /* UncaughtExceptionHandler.h */,
				427732EB17BCAF0500C16A07 /* UncaughtExceptionHandler.mm */,
			);
			name = Utils;
			sourceTree = "<group>";
		};
		426EC53017BCA9F9009A27D4 /* ShareSDK_v2.1.1 */ = {
			isa = PBXGroup;
			children = (
				427732F317BCB20800C16A07 /* Connection */,
				427732F917BCB20800C16A07 /* Core */,
				427732FF17BCB20800C16A07 /* Extend */,
				4277330517BCB20800C16A07 /* ShareSDK.framework */,
				4277330617BCB20800C16A07 /* UI */,
			);
			name = ShareSDK_v2.1.1;
			sourceTree = "<group>";
		};
		426EC53B17BCAACF009A27D4 /* DBManager */ = {
			isa = PBXGroup;
			children = (
				426EC53C17BCAAF8009A27D4 /* FMDatabase.h */,
				426EC53D17BCAAF8009A27D4 /* FMDatabase.m */,
				426EC53E17BCAAF8009A27D4 /* FMDatabaseAdditions.h */,
				426EC53F17BCAAF8009A27D4 /* FMDatabaseAdditions.m */,
				426EC54017BCAAF8009A27D4 /* FMDatabasePool.h */,
				426EC54117BCAAF8009A27D4 /* FMDatabasePool.m */,
				426EC54217BCAAF8009A27D4 /* FMDatabaseQueue.h */,
				426EC54317BCAAF8009A27D4 /* FMDatabaseQueue.m */,
				426EC54417BCAAF8009A27D4 /* FMResultSet.h */,
				426EC54517BCAAF8009A27D4 /* FMResultSet.m */,
				426EC54B17BCAB02009A27D4 /* DBManager.h */,
				426EC54C17BCAB02009A27D4 /* DBManager.m */,
			);
			name = DBManager;
			sourceTree = "<group>";
		};
		426EC55117BCAB63009A27D4 /* UIImageViewCache */ = {
			isa = PBXGroup;
			children = (
				426EC55217BCAB87009A27D4 /* ASIImageView.h */,
				426EC55317BCAB87009A27D4 /* ASIImageView.m */,
			);
			name = UIImageViewCache;
			sourceTree = "<group>";
		};
		4277327F17BCACE900C16A07 /* Common */ = {
			isa = PBXGroup;
			children = (
				4277328017BCACF400C16A07 /* JMWhenTapped.h */,
				4277328117BCACF400C16A07 /* UIView+WhenTappedBlocks.h */,
				4277328217BCACF400C16A07 /* UIView+WhenTappedBlocks.m */,
				4277333917BCB4E900C16A07 /* WaterFlowView.h */,
				4277333A17BCB4E900C16A07 /* WaterFlowView.m */,
				4277328317BCACF400C16A07 /* ImageControl.h */,
				4277328417BCACF400C16A07 /* ImageControl.m */,
				4277328517BCACF400C16A07 /* StarControl.h */,
				4277328617BCACF400C16A07 /* StarControl.m */,
				4277328A17BCAD2200C16A07 /* CAlertView.h */,
				4277328B17BCAD2200C16A07 /* CAlertView.m */,
				4277328C17BCAD2200C16A07 /* CActivityIndicatorView.h */,
				4277328D17BCAD2200C16A07 /* CActivityIndicatorView.m */,
				4277328E17BCAD2200C16A07 /* UINavigationBar+CustomImage.h */,
				4277328F17BCAD2200C16A07 /* UINavigationBar+CustomImage.m */,
			);
			name = Common;
			sourceTree = "<group>";
		};
		427732F317BCB20800C16A07 /* Connection */ = {
			isa = PBXGroup;
			children = (
				427732F417BCB20800C16A07 /* QQConnection.framework */,
				427732F517BCB20800C16A07 /* SinaWeiboConnection.framework */,
				427732F617BCB20800C16A07 /* SMSConnection.framework */,
				427732F717BCB20800C16A07 /* TencentWeiboConnection.framework */,
				427732F817BCB20800C16A07 /* WeChatConnection.framework */,
			);
			name = Connection;
			path = ShareSDK_v2.1.1/Connection;
			sourceTree = "<group>";
		};
		427732F917BCB20800C16A07 /* Core */ = {
			isa = PBXGroup;
			children = (
				427732FA17BCB20800C16A07 /* AGCommon.framework */,
				427732FB17BCB20800C16A07 /* ShareSDKLocalizable.strings */,
				427732FD17BCB20800C16A07 /* Resource.bundle */,
				427732FE17BCB20800C16A07 /* ShareSDKCoreService.framework */,
			);
			name = Core;
			path = ShareSDK_v2.1.1/Core;
			sourceTree = "<group>";
		};
		427732FF17BCB20800C16A07 /* Extend */ = {
			isa = PBXGroup;
			children = (
				4277330017BCB20800C16A07 /* QQApi.framework */,
				4277330117BCB20800C16A07 /* SDKExport */,
			);
			name = Extend;
			path = ShareSDK_v2.1.1/Extend;
			sourceTree = "<group>";
		};
		4277330117BCB20800C16A07 /* SDKExport */ = {
			isa = PBXGroup;
			children = (
				4277330217BCB20800C16A07 /* libWeChatSDK_armv7_armv7s.a */,
				4277330317BCB20800C16A07 /* WXApi.h */,
				4277330417BCB20800C16A07 /* WXApiObject.h */,
			);
			path = SDKExport;
			sourceTree = "<group>";
		};
		4277330617BCB20800C16A07 /* UI */ = {
			isa = PBXGroup;
			children = (
				4277330717BCB20800C16A07 /* ShareSDKiPadDefaultShareViewUI.bundle */,
				4277330817BCB20800C16A07 /* ShareSDKiPadDefaultShareViewUI.framework */,
				4277330917BCB20800C16A07 /* ShareSDKiPadSimpleShareViewUI.bundle */,
				4277330A17BCB20800C16A07 /* ShareSDKiPadSimpleShareViewUI.framework */,
				4277330B17BCB20800C16A07 /* ShareSDKiPhoneAppRecommendShareViewUI.framework */,
				4277330C17BCB20800C16A07 /* ShareSDKiPhoneDefaultShareViewUI.bundle */,
				4277330D17BCB20800C16A07 /* ShareSDKiPhoneDefaultShareViewUI.framework */,
				4277330E17BCB20800C16A07 /* ShareSDKiPhoneSimpleShareViewUI.bundle */,
				4277330F17BCB20800C16A07 /* ShareSDKiPhoneSimpleShareViewUI.framework */,
			);
			name = UI;
			path = ShareSDK_v2.1.1/UI;
			sourceTree = "<group>";
		};
		4277332517BCB44C00C16A07 /* SBJSON */ = {
			isa = PBXGroup;
			children = (
				4277332617BCB46600C16A07 /* JSON.h */,
				4277332717BCB46600C16A07 /* NSObject+SBJSON.h */,
				4277332817BCB46600C16A07 /* NSObject+SBJSON.m */,
				4277332917BCB46600C16A07 /* NSString+SBJSON.h */,
				4277332A17BCB46600C16A07 /* NSString+SBJSON.m */,
				4277332B17BCB46600C16A07 /* SBJSON.h */,
				4277332C17BCB46600C16A07 /* SBJSON.m */,
				4277332D17BCB46600C16A07 /* SBJsonBase.h */,
				4277332E17BCB46600C16A07 /* SBJsonBase.m */,
				4277332F17BCB46600C16A07 /* SBJsonParser.h */,
				4277333017BCB46600C16A07 /* SBJsonParser.m */,
				4277333117BCB46600C16A07 /* SBJsonWriter.h */,
				4277333217BCB46600C16A07 /* SBJsonWriter.m */,
			);
			name = SBJSON;
			sourceTree = "<group>";
		};
		4277337517BCC4D900C16A07 /* DevTabbarViewController */ = {
			isa = PBXGroup;
			children = (
				4277338A17BCC8BE00C16A07 /* DevTabBarViewController.h */,
				4277338B17BCC8BE00C16A07 /* DevTabBarViewController.m */,
			);
			name = DevTabbarViewController;
			sourceTree = "<group>";
		};
		4277337917BCC54900C16A07 /* HomeModule */ = {
			isa = PBXGroup;
			children = (
				4277337217BCC49800C16A07 /* HomeViewController.h */,
				4277337317BCC49800C16A07 /* HomeViewController.m */,
			);
			name = HomeModule;
			sourceTree = "<group>";
		};
		4277337A17BCC55E00C16A07 /* SecondModule */ = {
			isa = PBXGroup;
			children = (
				4277338717BCC60400C16A07 /* SecondViewController.h */,
				4277338817BCC60400C16A07 /* SecondViewController.m */,
			);
			name = SecondModule;
			sourceTree = "<group>";
		};
		4277337B17BCC57000C16A07 /* ThirdModule */ = {
			isa = PBXGroup;
			children = (
				4277338417BCC5FA00C16A07 /* ThirdViewController.h */,
				4277338517BCC5FA00C16A07 /* ThirdViewController.m */,
			);
			name = ThirdModule;
			sourceTree = "<group>";
		};
		4277337C17BCC57E00C16A07 /* FouthModule */ = {
			isa = PBXGroup;
			children = (
				4277338117BCC5EF00C16A07 /* FouthViewController.h */,
				4277338217BCC5EF00C16A07 /* FouthViewController.m */,
			);
			name = FouthModule;
			sourceTree = "<group>";
		};
		4277337D17BCC58C00C16A07 /* MoreModule */ = {
			isa = PBXGroup;
			children = (
				4277337E17BCC5E200C16A07 /* MoreViewController.h */,
				4277337F17BCC5E200C16A07 /* MoreViewController.m */,
			);
			name = MoreModule;
			sourceTree = "<group>";
		};
/* End PBXGroup section */

/* Begin PBXNativeTarget section */
		426EC50017BCA91A009A27D4 /* DeveloperModule */ = {
			isa = PBXNativeTarget;
			buildConfigurationList = 426EC52417BCA91A009A27D4 /* Build configuration list for PBXNativeTarget "DeveloperModule" */;
			buildPhases = (
				426EC4FD17BCA91A009A27D4 /* Sources */,
				426EC4FE17BCA91A009A27D4 /* Frameworks */,
				426EC4FF17BCA91A009A27D4 /* Resources */,
			);
			buildRules = (
			);
			dependencies = (
			);
			name = DeveloperModule;
			productName = DeveloperModule;
			productReference = 426EC50117BCA91A009A27D4 /* DeveloperModule.app */;
			productType = "com.apple.product-type.application";
		};
/* End PBXNativeTarget section */

/* Begin PBXProject section */
		426EC4F917BCA91A009A27D4 /* Project object */ = {
			isa = PBXProject;
			attributes = {
				LastUpgradeCheck = 0460;
				ORGANIZATIONNAME = Melo;
			};
			buildConfigurationList = 426EC4FC17BCA91A009A27D4 /* Build configuration list for PBXProject "DeveloperModule" */;
			compatibilityVersion = "Xcode 3.2";
			developmentRegion = English;
			hasScannedForEncodings = 0;
			knownRegions = (
				en,
			);
			mainGroup = 426EC4F817BCA91A009A27D4;
			productRefGroup = 426EC50217BCA91A009A27D4 /* Products */;
			projectDirPath = "";
			projectRoot = "";
			targets = (
				426EC50017BCA91A009A27D4 /* DeveloperModule */,
			);
		};
/* End PBXProject section */

/* Begin PBXResourcesBuildPhase section */
		426EC4FF17BCA91A009A27D4 /* Resources */ = {
			isa = PBXResourcesBuildPhase;
			buildActionMask = 2147483647;
			files = (
				426EC50F17BCA91A009A27D4 /* InfoPlist.strings in Resources */,
				426EC51717BCA91A009A27D4 /* Default.png in Resources */,
				426EC51917BCA91A009A27D4 /* Default@2x.png in Resources */,
				426EC51B17BCA91A009A27D4 /* Default-568h@2x.png in Resources */,
				4277327917BCAC3700C16A07 /* area.plist in Resources */,
				4277327A17BCAC3700C16A07 /* UserInfo.plist in Resources */,
				4277327B17BCAC3700C16A07 /* Config.plist in Resources */,
				4277327C17BCAC3700C16A07 /* RespNameDefine.plist in Resources */,
				4277327D17BCAC3700C16A07 /* ReqUrlDefine.plist in Resources */,
				4277327E17BCAC3700C16A07 /* errorCode.plist in Resources */,
				4277331617BCB20800C16A07 /* ShareSDKLocalizable.strings in Resources */,
				4277331717BCB20800C16A07 /* Resource.bundle in Resources */,
				4277331C17BCB20900C16A07 /* ShareSDKiPadDefaultShareViewUI.bundle in Resources */,
				4277331E17BCB20900C16A07 /* ShareSDKiPadSimpleShareViewUI.bundle in Resources */,
				4277332117BCB20900C16A07 /* ShareSDKiPhoneDefaultShareViewUI.bundle in Resources */,
				4277332317BCB20900C16A07 /* ShareSDKiPhoneSimpleShareViewUI.bundle in Resources */,
				4277335317BCBD7400C16A07 /* bg_index.png in Resources */,
				4277335817BCBE4800C16A07 /* bac-1.png in Resources */,
				4277335D17BCBFFA00C16A07 /* button-back.png in Resources */,
				4277336117BCC0C900C16A07 /* gold_star_gray.png in Resources */,
				4277336217BCC0C900C16A07 /* gold_star_half.png in Resources */,
				4277336317BCC0C900C16A07 /* gold_star_yellow.png in Resources */,
				4277336517BCC14B00C16A07 /* top_right.png in Resources */,
				4277336A17BCC1D300C16A07 /* gold_login_btn.png in Resources */,
				4277336B17BCC1D300C16A07 /* gold_confirm_btn.png in Resources */,
				4277336C17BCC1D300C16A07 /* gold_more_btn.png in Resources */,
				4277336D17BCC1D300C16A07 /* gold_downbtn.png in Resources */,
				4277337017BCC21700C16A07 /* gold_load_progress.png in Resources */,
				4277337117BCC21700C16A07 /* gold_load_back.png in Resources */,
				4277339717BCC9A600C16A07 /* gold_menu_2_v.png in Resources */,
				4277339817BCC9A600C16A07 /* gold_menu_2.png in Resources */,
				4277339917BCC9A600C16A07 /* gold_menu_3_v.png in Resources */,
				4277339A17BCC9A600C16A07 /* gold_menu_3.png in Resources */,
				4277339B17BCC9A600C16A07 /* gold_menu_4_v.png in Resources */,
				4277339C17BCC9A600C16A07 /* gold_menu_4.png in Resources */,
				4277339D17BCC9A600C16A07 /* gold_menu_5_v.png in Resources */,
				4277339E17BCC9A600C16A07 /* gold_menu_5.png in Resources */,
				4277339F17BCC9A600C16A07 /* gold_menu_1_v.png in Resources */,
				427733A017BCC9A600C16A07 /* gold_menu_1.png in Resources */,
				427733A217BCD13000C16A07 /* gold_alertBack.png in Resources */,
				427733A417BCD14600C16A07 /* gold_alert_button_left.png in Resources */,
			);
			runOnlyForDeploymentPostprocessing = 0;
		};
/* End PBXResourcesBuildPhase section */

/* Begin PBXSourcesBuildPhase section */
		426EC4FD17BCA91A009A27D4 /* Sources */ = {
			isa = PBXSourcesBuildPhase;
			buildActionMask = 2147483647;
			files = (
				426EC51117BCA91A009A27D4 /* main.m in Sources */,
				426EC51517BCA91A009A27D4 /* AppDelegate.m in Sources */,
				426EC53817BCAA85009A27D4 /* UIScrollView+PullLoad.m in Sources */,
				426EC53917BCAA85009A27D4 /* Utils.m in Sources */,
				426EC53A17BCAA85009A27D4 /* GetLocationInfo.m in Sources */,
				426EC54617BCAAF8009A27D4 /* FMDatabase.m in Sources */,
				426EC54717BCAAF8009A27D4 /* FMDatabaseAdditions.m in Sources */,
				426EC54817BCAAF8009A27D4 /* FMDatabasePool.m in Sources */,
				426EC54917BCAAF8009A27D4 /* FMDatabaseQueue.m in Sources */,
				426EC54A17BCAAF8009A27D4 /* FMResultSet.m in Sources */,
				426EC54D17BCAB02009A27D4 /* DBManager.m in Sources */,
				426EC55017BCAB48009A27D4 /* CheckVesion.m in Sources */,
				426EC55417BCAB87009A27D4 /* ASIImageView.m in Sources */,
				426EC56B17BCABA2009A27D4 /* ASIAuthenticationDialog.m in Sources */,
				426EC56C17BCABA2009A27D4 /* ASIDataCompressor.m in Sources */,
				426EC56D17BCABA2009A27D4 /* ASIDataDecompressor.m in Sources */,
				426EC56E17BCABA2009A27D4 /* ASIDownloadCache.m in Sources */,
				426EC56F17BCABA2009A27D4 /* ASIFormDataRequest.m in Sources */,
				426EC57017BCABA2009A27D4 /* ASIHTTPRequest.m in Sources */,
				426EC57117BCABA2009A27D4 /* ASIInputStream.m in Sources */,
				426EC57217BCABA2009A27D4 /* ASINetworkQueue.m in Sources */,
				426EC57317BCABA2009A27D4 /* Reachability.m in Sources */,
				426EC57A17BCABB6009A27D4 /* HttpRequestCenter.m in Sources */,
				426EC57B17BCABB6009A27D4 /* ReqBody.m in Sources */,
				426EC57C17BCABB6009A27D4 /* RespBody.m in Sources */,
				4277328717BCACF400C16A07 /* UIView+WhenTappedBlocks.m in Sources */,
				4277328817BCACF400C16A07 /* ImageControl.m in Sources */,
				4277328917BCACF400C16A07 /* StarControl.m in Sources */,
				4277329017BCAD2200C16A07 /* CAlertView.m in Sources */,
				4277329117BCAD2200C16A07 /* CActivityIndicatorView.m in Sources */,
				4277329217BCAD2200C16A07 /* UINavigationBar+CustomImage.m in Sources */,
				427732EC17BCAF0500C16A07 /* UncaughtExceptionHandler.mm in Sources */,
				427732EF17BCAFB700C16A07 /* DataCenter.m in Sources */,
				427732F217BCB0E500C16A07 /* UserInfo.m in Sources */,
				4277333317BCB46600C16A07 /* NSObject+SBJSON.m in Sources */,
				4277333417BCB46600C16A07 /* NSString+SBJSON.m in Sources */,
				4277333517BCB46600C16A07 /* SBJSON.m in Sources */,
				4277333617BCB46600C16A07 /* SBJsonBase.m in Sources */,
				4277333717BCB46600C16A07 /* SBJsonParser.m in Sources */,
				4277333817BCB46600C16A07 /* SBJsonWriter.m in Sources */,
				4277333B17BCB4E900C16A07 /* WaterFlowView.m in Sources */,
				4277335617BCBDA500C16A07 /* RootNavViewController.m in Sources */,
				4277335B17BCBFC600C16A07 /* CommonViewController.m in Sources */,
				4277337417BCC49800C16A07 /* HomeViewController.m in Sources */,
				4277338017BCC5E200C16A07 /* MoreViewController.m in Sources */,
				4277338317BCC5EF00C16A07 /* FouthViewController.m in Sources */,
				4277338617BCC5FA00C16A07 /* ThirdViewController.m in Sources */,
				4277338917BCC60400C16A07 /* SecondViewController.m in Sources */,
				4277338C17BCC8BE00C16A07 /* DevTabBarViewController.m in Sources */,
			);
			runOnlyForDeploymentPostprocessing = 0;
		};
/* End PBXSourcesBuildPhase section */

/* Begin PBXVariantGroup section */
		426EC50D17BCA91A009A27D4 /* InfoPlist.strings */ = {
			isa = PBXVariantGroup;
			children = (
				426EC50E17BCA91A009A27D4 /* en */,
			);
			name = InfoPlist.strings;
			sourceTree = "<group>";
		};
		427732FB17BCB20800C16A07 /* ShareSDKLocalizable.strings */ = {
			isa = PBXVariantGroup;
			children = (
				427732FC17BCB20800C16A07 /* en */,
			);
			name = ShareSDKLocalizable.strings;
			sourceTree = "<group>";
		};
/* End PBXVariantGroup section */

/* Begin XCBuildConfiguration section */
		426EC52217BCA91A009A27D4 /* Debug */ = {
			isa = XCBuildConfiguration;
			buildSettings = {
				ALWAYS_SEARCH_USER_PATHS = NO;
				CLANG_CXX_LANGUAGE_STANDARD = "gnu++0x";
				CLANG_CXX_LIBRARY = "libc++";
				CLANG_WARN_CONSTANT_CONVERSION = YES;
				CLANG_WARN_EMPTY_BODY = YES;
				CLANG_WARN_ENUM_CONVERSION = YES;
				CLANG_WARN_INT_CONVERSION = YES;
				CLANG_WARN__DUPLICATE_METHOD_MATCH = YES;
				"CODE_SIGN_IDENTITY[sdk=iphoneos*]" = "iPhone Developer";
				COPY_PHASE_STRIP = NO;
				GCC_C_LANGUAGE_STANDARD = gnu99;
				GCC_DYNAMIC_NO_PIC = NO;
				GCC_OPTIMIZATION_LEVEL = 0;
				GCC_PREPROCESSOR_DEFINITIONS = (
					"DEBUG=1",
					"$(inherited)",
				);
				GCC_SYMBOLS_PRIVATE_EXTERN = NO;
				GCC_WARN_ABOUT_RETURN_TYPE = YES;
				GCC_WARN_UNINITIALIZED_AUTOS = YES;
				GCC_WARN_UNUSED_VARIABLE = YES;
				IPHONEOS_DEPLOYMENT_TARGET = 6.1;
				ONLY_ACTIVE_ARCH = YES;
				SDKROOT = iphoneos;
			};
			name = Debug;
		};
		426EC52317BCA91A009A27D4 /* Release */ = {
			isa = XCBuildConfiguration;
			buildSettings = {
				ALWAYS_SEARCH_USER_PATHS = NO;
				CLANG_CXX_LANGUAGE_STANDARD = "gnu++0x";
				CLANG_CXX_LIBRARY = "libc++";
				CLANG_WARN_CONSTANT_CONVERSION = YES;
				CLANG_WARN_EMPTY_BODY = YES;
				CLANG_WARN_ENUM_CONVERSION = YES;
				CLANG_WARN_INT_CONVERSION = YES;
				CLANG_WARN__DUPLICATE_METHOD_MATCH = YES;
				"CODE_SIGN_IDENTITY[sdk=iphoneos*]" = "iPhone Developer";
				COPY_PHASE_STRIP = YES;
				GCC_C_LANGUAGE_STANDARD = gnu99;
				GCC_WARN_ABOUT_RETURN_TYPE = YES;
				GCC_WARN_UNINITIALIZED_AUTOS = YES;
				GCC_WARN_UNUSED_VARIABLE = YES;
				IPHONEOS_DEPLOYMENT_TARGET = 6.1;
				OTHER_CFLAGS = "-DNS_BLOCK_ASSERTIONS=1";
				SDKROOT = iphoneos;
				VALIDATE_PRODUCT = YES;
			};
			name = Release;
		};
		426EC52517BCA91A009A27D4 /* Debug */ = {
			isa = XCBuildConfiguration;
			buildSettings = {
				FRAMEWORK_SEARCH_PATHS = (
					"$(inherited)",
					"\"$(SRCROOT)/DeveloperModule/ShareSDK_v2.1.1/Connection\"",
					"\"$(SRCROOT)/DeveloperModule/ShareSDK_v2.1.1/Core\"",
					"\"$(SRCROOT)/DeveloperModule/ShareSDK_v2.1.1/Extend\"",
					"\"$(SRCROOT)/DeveloperModule/ShareSDK_v2.1.1\"",
					"\"$(SRCROOT)/DeveloperModule/ShareSDK_v2.1.1/UI\"",
				);
				GCC_PRECOMPILE_PREFIX_HEADER = YES;
				GCC_PREFIX_HEADER = "DeveloperModule/DeveloperModule-Prefix.pch";
				INFOPLIST_FILE = "DeveloperModule/DeveloperModule-Info.plist";
				LIBRARY_SEARCH_PATHS = (
					"$(inherited)",
					"\"$(SRCROOT)/DeveloperModule\"",
					"\"$(SRCROOT)/DeveloperModule/ShareSDK_v2.1.1/Extend/SDKExport\"",
				);
				PRODUCT_NAME = "$(TARGET_NAME)";
				WRAPPER_EXTENSION = app;
			};
			name = Debug;
		};
		426EC52617BCA91A009A27D4 /* Release */ = {
			isa = XCBuildConfiguration;
			buildSettings = {
				FRAMEWORK_SEARCH_PATHS = (
					"$(inherited)",
					"\"$(SRCROOT)/DeveloperModule/ShareSDK_v2.1.1/Connection\"",
					"\"$(SRCROOT)/DeveloperModule/ShareSDK_v2.1.1/Core\"",
					"\"$(SRCROOT)/DeveloperModule/ShareSDK_v2.1.1/Extend\"",
					"\"$(SRCROOT)/DeveloperModule/ShareSDK_v2.1.1\"",
					"\"$(SRCROOT)/DeveloperModule/ShareSDK_v2.1.1/UI\"",
				);
				GCC_PRECOMPILE_PREFIX_HEADER = YES;
				GCC_PREFIX_HEADER = "DeveloperModule/DeveloperModule-Prefix.pch";
				INFOPLIST_FILE = "DeveloperModule/DeveloperModule-Info.plist";
				LIBRARY_SEARCH_PATHS = (
					"$(inherited)",
					"\"$(SRCROOT)/DeveloperModule\"",
					"\"$(SRCROOT)/DeveloperModule/ShareSDK_v2.1.1/Extend/SDKExport\"",
				);
				PRODUCT_NAME = "$(TARGET_NAME)";
				WRAPPER_EXTENSION = app;
			};
			name = Release;
		};
/* End XCBuildConfiguration section */

/* Begin XCConfigurationList section */
		426EC4FC17BCA91A009A27D4 /* Build configuration list for PBXProject "DeveloperModule" */ = {
			isa = XCConfigurationList;
			buildConfigurations = (
				426EC52217BCA91A009A27D4 /* Debug */,
				426EC52317BCA91A009A27D4 /* Release */,
			);
			defaultConfigurationIsVisible = 0;
			defaultConfigurationName = Release;
		};
		426EC52417BCA91A009A27D4 /* Build configuration list for PBXNativeTarget "DeveloperModule" */ = {
			isa = XCConfigurationList;
			buildConfigurations = (
				426EC52517BCA91A009A27D4 /* Debug */,
				426EC52617BCA91A009A27D4 /* Release */,
			);
			defaultConfigurationIsVisible = 0;
			defaultConfigurationName = Release;
		};
/* End XCConfigurationList section */
	};
	rootObject = 426EC4F917BCA91A009A27D4 /* Project object */;
}
